// !$*UTF8*$!
{
	archiveVersion = 1;
	classes = {
	};
	objectVersion = 56;
	objects = {

/* Begin PBXBuildFile section */
		6A321C572ADACEB000E1A0DB /* EssentialFeed.framework in Frameworks */ = {isa = PBXBuildFile; fileRef = 6A321C4E2ADACEB000E1A0DB /* EssentialFeed.framework */; };
		6A321C672ADACED700E1A0DB /* FeedItem.swift in Sources */ = {isa = PBXBuildFile; fileRef = 6A321C662ADACED700E1A0DB /* FeedItem.swift */; };
		6A321C692ADAD3F500E1A0DB /* FeedLoader.swift in Sources */ = {isa = PBXBuildFile; fileRef = 6A321C682ADAD3F500E1A0DB /* FeedLoader.swift */; };
		6A321C6C2ADBE5D200E1A0DB /* RemoteFeedLoaderTests.swift in Sources */ = {isa = PBXBuildFile; fileRef = 6A321C6B2ADBE5D200E1A0DB /* RemoteFeedLoaderTests.swift */; };
		6A32C0232AFEC34300DAAAFB /* EssentialFeedAPIEndToEndTests.swift in Sources */ = {isa = PBXBuildFile; fileRef = 6A32C0222AFEC34300DAAAFB /* EssentialFeedAPIEndToEndTests.swift */; };
		6A32C0242AFEC34300DAAAFB /* EssentialFeed.framework in Frameworks */ = {isa = PBXBuildFile; fileRef = 6A321C4E2ADACEB000E1A0DB /* EssentialFeed.framework */; };
		6A32C02A2AFED57300DAAAFB /* XCTestCase+MemoryLeakTracking.swift in Sources */ = {isa = PBXBuildFile; fileRef = 6A56A9762AF7B0B8002321AB /* XCTestCase+MemoryLeakTracking.swift */; };
		6A56A9772AF7B0B8002321AB /* XCTestCase+MemoryLeakTracking.swift in Sources */ = {isa = PBXBuildFile; fileRef = 6A56A9762AF7B0B8002321AB /* XCTestCase+MemoryLeakTracking.swift */; };
		6A5D0AF82AED2E4400093086 /* EssentialFeed.h in Headers */ = {isa = PBXBuildFile; fileRef = 6A5D0AF72AED2E4400093086 /* EssentialFeed.h */; };
		6A5D0AFB2AED2E9600093086 /* RemoteFeedLoader.swift in Sources */ = {isa = PBXBuildFile; fileRef = 6A5D0AFA2AED2E9600093086 /* RemoteFeedLoader.swift */; };
		6A77FE3B2AF7E371008E6F5F /* URLSessionHTTPClient.swift in Sources */ = {isa = PBXBuildFile; fileRef = 6A77FE3A2AF7E371008E6F5F /* URLSessionHTTPClient.swift */; };
		6A983F6E2AF648920006967C /* HTTPClient.swift in Sources */ = {isa = PBXBuildFile; fileRef = 6A983F6D2AF648920006967C /* HTTPClient.swift */; };
		6A983F702AF649320006967C /* FeedItemsMapper.swift in Sources */ = {isa = PBXBuildFile; fileRef = 6A983F6F2AF649320006967C /* FeedItemsMapper.swift */; };
		6AF7B46C2AF6957E00F8FA61 /* URLSessionHTTPClientTests.swift in Sources */ = {isa = PBXBuildFile; fileRef = 6AF7B46B2AF6957E00F8FA61 /* URLSessionHTTPClientTests.swift */; };
/* End PBXBuildFile section */

/* Begin PBXContainerItemProxy section */
		6A321C582ADACEB000E1A0DB /* PBXContainerItemProxy */ = {
			isa = PBXContainerItemProxy;
			containerPortal = 6A321C452ADACEB000E1A0DB /* Project object */;
			proxyType = 1;
			remoteGlobalIDString = 6A321C4D2ADACEB000E1A0DB;
			remoteInfo = EssentialFeed;
		};
		6A32C0252AFEC34300DAAAFB /* PBXContainerItemProxy */ = {
			isa = PBXContainerItemProxy;
			containerPortal = 6A321C452ADACEB000E1A0DB /* Project object */;
			proxyType = 1;
			remoteGlobalIDString = 6A321C4D2ADACEB000E1A0DB;
			remoteInfo = EssentialFeed;
		};
/* End PBXContainerItemProxy section */

/* Begin PBXFileReference section */
		6A321C4E2ADACEB000E1A0DB /* EssentialFeed.framework */ = {isa = PBXFileReference; explicitFileType = wrapper.framework; includeInIndex = 0; path = EssentialFeed.framework; sourceTree = BUILT_PRODUCTS_DIR; };
		6A321C562ADACEB000E1A0DB /* EssentialFeedTests.xctest */ = {isa = PBXFileReference; explicitFileType = wrapper.cfbundle; includeInIndex = 0; path = EssentialFeedTests.xctest; sourceTree = BUILT_PRODUCTS_DIR; };
		6A321C662ADACED700E1A0DB /* FeedItem.swift */ = {isa = PBXFileReference; lastKnownFileType = sourcecode.swift; path = FeedItem.swift; sourceTree = "<group>"; };
		6A321C682ADAD3F500E1A0DB /* FeedLoader.swift */ = {isa = PBXFileReference; lastKnownFileType = sourcecode.swift; path = FeedLoader.swift; sourceTree = "<group>"; };
		6A321C6B2ADBE5D200E1A0DB /* RemoteFeedLoaderTests.swift */ = {isa = PBXFileReference; lastKnownFileType = sourcecode.swift; path = RemoteFeedLoaderTests.swift; sourceTree = "<group>"; };
		6A32C01B2AFEBB9F00DAAAFB /* EssentialFeed.xctestplan */ = {isa = PBXFileReference; lastKnownFileType = text; path = EssentialFeed.xctestplan; sourceTree = "<group>"; };
		6A32C0202AFEC34300DAAAFB /* EssentialFeedAPIEndToEndTests.xctest */ = {isa = PBXFileReference; explicitFileType = wrapper.cfbundle; includeInIndex = 0; path = EssentialFeedAPIEndToEndTests.xctest; sourceTree = BUILT_PRODUCTS_DIR; };
		6A32C0222AFEC34300DAAAFB /* EssentialFeedAPIEndToEndTests.swift */ = {isa = PBXFileReference; lastKnownFileType = sourcecode.swift; path = EssentialFeedAPIEndToEndTests.swift; sourceTree = "<group>"; };
		6A56A9762AF7B0B8002321AB /* XCTestCase+MemoryLeakTracking.swift */ = {isa = PBXFileReference; lastKnownFileType = sourcecode.swift; path = "XCTestCase+MemoryLeakTracking.swift"; sourceTree = "<group>"; };
		6A5D0AF72AED2E4400093086 /* EssentialFeed.h */ = {isa = PBXFileReference; fileEncoding = 4; lastKnownFileType = sourcecode.c.h; name = EssentialFeed.h; path = ../../../../.Trash/EssentialFeed.h; sourceTree = "<group>"; };
		6A5D0AFA2AED2E9600093086 /* RemoteFeedLoader.swift */ = {isa = PBXFileReference; lastKnownFileType = sourcecode.swift; path = RemoteFeedLoader.swift; sourceTree = "<group>"; };
		6A77FE3A2AF7E371008E6F5F /* URLSessionHTTPClient.swift */ = {isa = PBXFileReference; lastKnownFileType = sourcecode.swift; path = URLSessionHTTPClient.swift; sourceTree = "<group>"; };
		6A983F6D2AF648920006967C /* HTTPClient.swift */ = {isa = PBXFileReference; lastKnownFileType = sourcecode.swift; path = HTTPClient.swift; sourceTree = "<group>"; };
		6A983F6F2AF649320006967C /* FeedItemsMapper.swift */ = {isa = PBXFileReference; lastKnownFileType = sourcecode.swift; path = FeedItemsMapper.swift; sourceTree = "<group>"; };
		6AF7B46B2AF6957E00F8FA61 /* URLSessionHTTPClientTests.swift */ = {isa = PBXFileReference; lastKnownFileType = sourcecode.swift; path = URLSessionHTTPClientTests.swift; sourceTree = "<group>"; };
/* End PBXFileReference section */

/* Begin PBXFrameworksBuildPhase section */
		6A321C4B2ADACEB000E1A0DB /* Frameworks */ = {
			isa = PBXFrameworksBuildPhase;
			buildActionMask = 2147483647;
			files = (
			);
			runOnlyForDeploymentPostprocessing = 0;
		};
		6A321C532ADACEB000E1A0DB /* Frameworks */ = {
			isa = PBXFrameworksBuildPhase;
			buildActionMask = 2147483647;
			files = (
				6A321C572ADACEB000E1A0DB /* EssentialFeed.framework in Frameworks */,
			);
			runOnlyForDeploymentPostprocessing = 0;
		};
		6A32C01D2AFEC34300DAAAFB /* Frameworks */ = {
			isa = PBXFrameworksBuildPhase;
			buildActionMask = 2147483647;
			files = (
				6A32C0242AFEC34300DAAAFB /* EssentialFeed.framework in Frameworks */,
			);
			runOnlyForDeploymentPostprocessing = 0;
		};
/* End PBXFrameworksBuildPhase section */

/* Begin PBXGroup section */
		6A321C442ADACEB000E1A0DB = {
			isa = PBXGroup;
			children = (
				6A32C01B2AFEBB9F00DAAAFB /* EssentialFeed.xctestplan */,
				6A321C502ADACEB000E1A0DB /* EssentialFeed */,
				6A321C5A2ADACEB000E1A0DB /* EssentialFeedTests */,
				6A32C0212AFEC34300DAAAFB /* EssentialFeedAPIEndToEndTests */,
				6A321C4F2ADACEB000E1A0DB /* Products */,
			);
			sourceTree = "<group>";
		};
		6A321C4F2ADACEB000E1A0DB /* Products */ = {
			isa = PBXGroup;
			children = (
				6A321C4E2ADACEB000E1A0DB /* EssentialFeed.framework */,
				6A321C562ADACEB000E1A0DB /* EssentialFeedTests.xctest */,
				6A32C0202AFEC34300DAAAFB /* EssentialFeedAPIEndToEndTests.xctest */,
			);
			name = Products;
			sourceTree = "<group>";
		};
		6A321C502ADACEB000E1A0DB /* EssentialFeed */ = {
			isa = PBXGroup;
			children = (
				6A5D0AF72AED2E4400093086 /* EssentialFeed.h */,
				6A321C6A2ADAD68700E1A0DB /* FeedFeature */,
				6A5D0AF92AED2E7100093086 /* Feed API */,
			);
			path = EssentialFeed;
			sourceTree = "<group>";
		};
		6A321C5A2ADACEB000E1A0DB /* EssentialFeedTests */ = {
			isa = PBXGroup;
			children = (
				6AF7B46A2AF6523700F8FA61 /* Feed API */,
			);
			path = EssentialFeedTests;
			sourceTree = "<group>";
		};
		6A321C6A2ADAD68700E1A0DB /* FeedFeature */ = {
			isa = PBXGroup;
			children = (
				6A321C662ADACED700E1A0DB /* FeedItem.swift */,
				6A321C682ADAD3F500E1A0DB /* FeedLoader.swift */,
			);
			path = FeedFeature;
			sourceTree = "<group>";
		};
		6A32C0212AFEC34300DAAAFB /* EssentialFeedAPIEndToEndTests */ = {
			isa = PBXGroup;
			children = (
				6A32C0222AFEC34300DAAAFB /* EssentialFeedAPIEndToEndTests.swift */,
			);
			path = EssentialFeedAPIEndToEndTests;
			sourceTree = "<group>";
		};
		6A56A9752AF7B0A3002321AB /* Helpers */ = {
			isa = PBXGroup;
			children = (
				6A56A9762AF7B0B8002321AB /* XCTestCase+MemoryLeakTracking.swift */,
			);
			path = Helpers;
			sourceTree = "<group>";
		};
		6A5D0AF92AED2E7100093086 /* Feed API */ = {
			isa = PBXGroup;
			children = (
				6A5D0AFA2AED2E9600093086 /* RemoteFeedLoader.swift */,
				6A983F6D2AF648920006967C /* HTTPClient.swift */,
				6A983F6F2AF649320006967C /* FeedItemsMapper.swift */,
				6A77FE3A2AF7E371008E6F5F /* URLSessionHTTPClient.swift */,
			);
			path = "Feed API";
			sourceTree = "<group>";
		};
		6AF7B46A2AF6523700F8FA61 /* Feed API */ = {
			isa = PBXGroup;
			children = (
				6A56A9752AF7B0A3002321AB /* Helpers */,
				6A321C6B2ADBE5D200E1A0DB /* RemoteFeedLoaderTests.swift */,
				6AF7B46B2AF6957E00F8FA61 /* URLSessionHTTPClientTests.swift */,
			);
			path = "Feed API";
			sourceTree = "<group>";
		};
/* End PBXGroup section */

/* Begin PBXHeadersBuildPhase section */
		6A321C492ADACEB000E1A0DB /* Headers */ = {
			isa = PBXHeadersBuildPhase;
			buildActionMask = 2147483647;
			files = (
				6A5D0AF82AED2E4400093086 /* EssentialFeed.h in Headers */,
			);
			runOnlyForDeploymentPostprocessing = 0;
		};
/* End PBXHeadersBuildPhase section */

/* Begin PBXNativeTarget section */
		6A321C4D2ADACEB000E1A0DB /* EssentialFeed */ = {
			isa = PBXNativeTarget;
			buildConfigurationList = 6A321C602ADACEB000E1A0DB /* Build configuration list for PBXNativeTarget "EssentialFeed" */;
			buildPhases = (
				6A321C492ADACEB000E1A0DB /* Headers */,
				6A321C4A2ADACEB000E1A0DB /* Sources */,
				6A321C4B2ADACEB000E1A0DB /* Frameworks */,
				6A321C4C2ADACEB000E1A0DB /* Resources */,
			);
			buildRules = (
			);
			dependencies = (
			);
			name = EssentialFeed;
			productName = EssentialFeed;
			productReference = 6A321C4E2ADACEB000E1A0DB /* EssentialFeed.framework */;
			productType = "com.apple.product-type.framework";
		};
		6A321C552ADACEB000E1A0DB /* EssentialFeedTests */ = {
			isa = PBXNativeTarget;
			buildConfigurationList = 6A321C632ADACEB000E1A0DB /* Build configuration list for PBXNativeTarget "EssentialFeedTests" */;
			buildPhases = (
				6A321C522ADACEB000E1A0DB /* Sources */,
				6A321C532ADACEB000E1A0DB /* Frameworks */,
				6A321C542ADACEB000E1A0DB /* Resources */,
			);
			buildRules = (
			);
			dependencies = (
				6A321C592ADACEB000E1A0DB /* PBXTargetDependency */,
			);
			name = EssentialFeedTests;
			productName = EssentialFeedTests;
			productReference = 6A321C562ADACEB000E1A0DB /* EssentialFeedTests.xctest */;
			productType = "com.apple.product-type.bundle.unit-test";
		};
		6A32C01F2AFEC34300DAAAFB /* EssentialFeedAPIEndToEndTests */ = {
			isa = PBXNativeTarget;
			buildConfigurationList = 6A32C0272AFEC34300DAAAFB /* Build configuration list for PBXNativeTarget "EssentialFeedAPIEndToEndTests" */;
			buildPhases = (
				6A32C01C2AFEC34300DAAAFB /* Sources */,
				6A32C01D2AFEC34300DAAAFB /* Frameworks */,
				6A32C01E2AFEC34300DAAAFB /* Resources */,
			);
			buildRules = (
			);
			dependencies = (
				6A32C0262AFEC34300DAAAFB /* PBXTargetDependency */,
			);
			name = EssentialFeedAPIEndToEndTests;
			productName = EssentialFeedAPIEndToEndTests;
			productReference = 6A32C0202AFEC34300DAAAFB /* EssentialFeedAPIEndToEndTests.xctest */;
			productType = "com.apple.product-type.bundle.unit-test";
		};
/* End PBXNativeTarget section */

/* Begin PBXProject section */
		6A321C452ADACEB000E1A0DB /* Project object */ = {
			isa = PBXProject;
			attributes = {
				BuildIndependentTargetsInParallel = 1;
				LastSwiftUpdateCheck = 1430;
				LastUpgradeCheck = 1430;
				TargetAttributes = {
					6A321C4D2ADACEB000E1A0DB = {
						CreatedOnToolsVersion = 14.3;
						LastSwiftMigration = 1430;
					};
					6A321C552ADACEB000E1A0DB = {
						CreatedOnToolsVersion = 14.3;
					};
					6A32C01F2AFEC34300DAAAFB = {
						CreatedOnToolsVersion = 14.3;
					};
				};
			};
			buildConfigurationList = 6A321C482ADACEB000E1A0DB /* Build configuration list for PBXProject "EssentialFeed" */;
			compatibilityVersion = "Xcode 14.0";
			developmentRegion = en;
			hasScannedForEncodings = 0;
			knownRegions = (
				en,
				Base,
			);
			mainGroup = 6A321C442ADACEB000E1A0DB;
			productRefGroup = 6A321C4F2ADACEB000E1A0DB /* Products */;
			projectDirPath = "";
			projectRoot = "";
			targets = (
				6A321C4D2ADACEB000E1A0DB /* EssentialFeed */,
				6A321C552ADACEB000E1A0DB /* EssentialFeedTests */,
				6A32C01F2AFEC34300DAAAFB /* EssentialFeedAPIEndToEndTests */,
			);
		};
/* End PBXProject section */

/* Begin PBXResourcesBuildPhase section */
		6A321C4C2ADACEB000E1A0DB /* Resources */ = {
			isa = PBXResourcesBuildPhase;
			buildActionMask = 2147483647;
			files = (
			);
			runOnlyForDeploymentPostprocessing = 0;
		};
		6A321C542ADACEB000E1A0DB /* Resources */ = {
			isa = PBXResourcesBuildPhase;
			buildActionMask = 2147483647;
			files = (
			);
			runOnlyForDeploymentPostprocessing = 0;
		};
		6A32C01E2AFEC34300DAAAFB /* Resources */ = {
			isa = PBXResourcesBuildPhase;
			buildActionMask = 2147483647;
			files = (
			);
			runOnlyForDeploymentPostprocessing = 0;
		};
/* End PBXResourcesBuildPhase section */

/* Begin PBXSourcesBuildPhase section */
		6A321C4A2ADACEB000E1A0DB /* Sources */ = {
			isa = PBXSourcesBuildPhase;
			buildActionMask = 2147483647;
			files = (
				6A983F702AF649320006967C /* FeedItemsMapper.swift in Sources */,
				6A321C692ADAD3F500E1A0DB /* FeedLoader.swift in Sources */,
				6A5D0AFB2AED2E9600093086 /* RemoteFeedLoader.swift in Sources */,
				6A983F6E2AF648920006967C /* HTTPClient.swift in Sources */,
				6A321C672ADACED700E1A0DB /* FeedItem.swift in Sources */,
				6A77FE3B2AF7E371008E6F5F /* URLSessionHTTPClient.swift in Sources */,
			);
			runOnlyForDeploymentPostprocessing = 0;
		};
		6A321C522ADACEB000E1A0DB /* Sources */ = {
			isa = PBXSourcesBuildPhase;
			buildActionMask = 2147483647;
			files = (
				6A321C6C2ADBE5D200E1A0DB /* RemoteFeedLoaderTests.swift in Sources */,
				6AF7B46C2AF6957E00F8FA61 /* URLSessionHTTPClientTests.swift in Sources */,
				6A56A9772AF7B0B8002321AB /* XCTestCase+MemoryLeakTracking.swift in Sources */,
			);
			runOnlyForDeploymentPostprocessing = 0;
		};
		6A32C01C2AFEC34300DAAAFB /* Sources */ = {
			isa = PBXSourcesBuildPhase;
			buildActionMask = 2147483647;
			files = (
				6A32C0232AFEC34300DAAAFB /* EssentialFeedAPIEndToEndTests.swift in Sources */,
				6A32C02A2AFED57300DAAAFB /* XCTestCase+MemoryLeakTracking.swift in Sources */,
			);
			runOnlyForDeploymentPostprocessing = 0;
		};
/* End PBXSourcesBuildPhase section */

/* Begin PBXTargetDependency section */
		6A321C592ADACEB000E1A0DB /* PBXTargetDependency */ = {
			isa = PBXTargetDependency;
			target = 6A321C4D2ADACEB000E1A0DB /* EssentialFeed */;
			targetProxy = 6A321C582ADACEB000E1A0DB /* PBXContainerItemProxy */;
		};
		6A32C0262AFEC34300DAAAFB /* PBXTargetDependency */ = {
			isa = PBXTargetDependency;
			target = 6A321C4D2ADACEB000E1A0DB /* EssentialFeed */;
			targetProxy = 6A32C0252AFEC34300DAAAFB /* PBXContainerItemProxy */;
		};
/* End PBXTargetDependency section */

/* Begin XCBuildConfiguration section */
		6A321C5E2ADACEB000E1A0DB /* Debug */ = {
			isa = XCBuildConfiguration;
			buildSettings = {
				ALWAYS_SEARCH_USER_PATHS = NO;
				CLANG_ANALYZER_NONNULL = YES;
				CLANG_ANALYZER_NUMBER_OBJECT_CONVERSION = YES_AGGRESSIVE;
				CLANG_CXX_LANGUAGE_STANDARD = "gnu++20";
				CLANG_ENABLE_MODULES = YES;
				CLANG_ENABLE_OBJC_ARC = YES;
				CLANG_ENABLE_OBJC_WEAK = YES;
				CLANG_WARN_BLOCK_CAPTURE_AUTORELEASING = YES;
				CLANG_WARN_BOOL_CONVERSION = YES;
				CLANG_WARN_COMMA = YES;
				CLANG_WARN_CONSTANT_CONVERSION = YES;
				CLANG_WARN_DEPRECATED_OBJC_IMPLEMENTATIONS = YES;
				CLANG_WARN_DIRECT_OBJC_ISA_USAGE = YES_ERROR;
				CLANG_WARN_DOCUMENTATION_COMMENTS = YES;
				CLANG_WARN_EMPTY_BODY = YES;
				CLANG_WARN_ENUM_CONVERSION = YES;
				CLANG_WARN_INFINITE_RECURSION = YES;
				CLANG_WARN_INT_CONVERSION = YES;
				CLANG_WARN_NON_LITERAL_NULL_CONVERSION = YES;
				CLANG_WARN_OBJC_IMPLICIT_RETAIN_SELF = YES;
				CLANG_WARN_OBJC_LITERAL_CONVERSION = YES;
				CLANG_WARN_OBJC_ROOT_CLASS = YES_ERROR;
				CLANG_WARN_QUOTED_INCLUDE_IN_FRAMEWORK_HEADER = YES;
				CLANG_WARN_RANGE_LOOP_ANALYSIS = YES;
				CLANG_WARN_STRICT_PROTOTYPES = YES;
				CLANG_WARN_SUSPICIOUS_MOVE = YES;
				CLANG_WARN_UNGUARDED_AVAILABILITY = YES_AGGRESSIVE;
				CLANG_WARN_UNREACHABLE_CODE = YES;
				CLANG_WARN__DUPLICATE_METHOD_MATCH = YES;
				COPY_PHASE_STRIP = NO;
				CURRENT_PROJECT_VERSION = 1;
				DEBUG_INFORMATION_FORMAT = dwarf;
				ENABLE_STRICT_OBJC_MSGSEND = YES;
				ENABLE_TESTABILITY = YES;
				GCC_C_LANGUAGE_STANDARD = gnu11;
				GCC_DYNAMIC_NO_PIC = NO;
				GCC_NO_COMMON_BLOCKS = YES;
				GCC_OPTIMIZATION_LEVEL = 0;
				GCC_PREPROCESSOR_DEFINITIONS = (
					"DEBUG=1",
					"$(inherited)",
				);
				GCC_WARN_64_TO_32_BIT_CONVERSION = YES;
				GCC_WARN_ABOUT_RETURN_TYPE = YES_ERROR;
				GCC_WARN_UNDECLARED_SELECTOR = YES;
				GCC_WARN_UNINITIALIZED_AUTOS = YES_AGGRESSIVE;
				GCC_WARN_UNUSED_FUNCTION = YES;
				GCC_WARN_UNUSED_VARIABLE = YES;
				MACOSX_DEPLOYMENT_TARGET = 13.3;
				MTL_ENABLE_DEBUG_INFO = INCLUDE_SOURCE;
				MTL_FAST_MATH = YES;
				ONLY_ACTIVE_ARCH = YES;
				SDKROOT = macosx;
				SWIFT_ACTIVE_COMPILATION_CONDITIONS = DEBUG;
				SWIFT_OPTIMIZATION_LEVEL = "-Onone";
				VERSIONING_SYSTEM = "apple-generic";
				VERSION_INFO_PREFIX = "";
			};
			name = Debug;
		};
		6A321C5F2ADACEB000E1A0DB /* Release */ = {
			isa = XCBuildConfiguration;
			buildSettings = {
				ALWAYS_SEARCH_USER_PATHS = NO;
				CLANG_ANALYZER_NONNULL = YES;
				CLANG_ANALYZER_NUMBER_OBJECT_CONVERSION = YES_AGGRESSIVE;
				CLANG_CXX_LANGUAGE_STANDARD = "gnu++20";
				CLANG_ENABLE_MODULES = YES;
				CLANG_ENABLE_OBJC_ARC = YES;
				CLANG_ENABLE_OBJC_WEAK = YES;
				CLANG_WARN_BLOCK_CAPTURE_AUTORELEASING = YES;
				CLANG_WARN_BOOL_CONVERSION = YES;
				CLANG_WARN_COMMA = YES;
				CLANG_WARN_CONSTANT_CONVERSION = YES;
				CLANG_WARN_DEPRECATED_OBJC_IMPLEMENTATIONS = YES;
				CLANG_WARN_DIRECT_OBJC_ISA_USAGE = YES_ERROR;
				CLANG_WARN_DOCUMENTATION_COMMENTS = YES;
				CLANG_WARN_EMPTY_BODY = YES;
				CLANG_WARN_ENUM_CONVERSION = YES;
				CLANG_WARN_INFINITE_RECURSION = YES;
				CLANG_WARN_INT_CONVERSION = YES;
				CLANG_WARN_NON_LITERAL_NULL_CONVERSION = YES;
				CLANG_WARN_OBJC_IMPLICIT_RETAIN_SELF = YES;
				CLANG_WARN_OBJC_LITERAL_CONVERSION = YES;
				CLANG_WARN_OBJC_ROOT_CLASS = YES_ERROR;
				CLANG_WARN_QUOTED_INCLUDE_IN_FRAMEWORK_HEADER = YES;
				CLANG_WARN_RANGE_LOOP_ANALYSIS = YES;
				CLANG_WARN_STRICT_PROTOTYPES = YES;
				CLANG_WARN_SUSPICIOUS_MOVE = YES;
				CLANG_WARN_UNGUARDED_AVAILABILITY = YES_AGGRESSIVE;
				CLANG_WARN_UNREACHABLE_CODE = YES;
				CLANG_WARN__DUPLICATE_METHOD_MATCH = YES;
				COPY_PHASE_STRIP = NO;
				CURRENT_PROJECT_VERSION = 1;
				DEBUG_INFORMATION_FORMAT = "dwarf-with-dsym";
				ENABLE_NS_ASSERTIONS = NO;
				ENABLE_STRICT_OBJC_MSGSEND = YES;
				GCC_C_LANGUAGE_STANDARD = gnu11;
				GCC_NO_COMMON_BLOCKS = YES;
				GCC_WARN_64_TO_32_BIT_CONVERSION = YES;
				GCC_WARN_ABOUT_RETURN_TYPE = YES_ERROR;
				GCC_WARN_UNDECLARED_SELECTOR = YES;
				GCC_WARN_UNINITIALIZED_AUTOS = YES_AGGRESSIVE;
				GCC_WARN_UNUSED_FUNCTION = YES;
				GCC_WARN_UNUSED_VARIABLE = YES;
				MACOSX_DEPLOYMENT_TARGET = 13.3;
				MTL_ENABLE_DEBUG_INFO = NO;
				MTL_FAST_MATH = YES;
				SDKROOT = macosx;
				SWIFT_COMPILATION_MODE = wholemodule;
				SWIFT_OPTIMIZATION_LEVEL = "-O";
				VERSIONING_SYSTEM = "apple-generic";
				VERSION_INFO_PREFIX = "";
			};
			name = Release;
		};
		6A321C612ADACEB000E1A0DB /* Debug */ = {
			isa = XCBuildConfiguration;
			buildSettings = {
				CLANG_ENABLE_MODULES = YES;
				CODE_SIGN_STYLE = Automatic;
				COMBINE_HIDPI_IMAGES = YES;
				CURRENT_PROJECT_VERSION = 1;
				DEFINES_MODULE = YES;
				DEVELOPMENT_TEAM = 5TUA6QYFHS;
				DYLIB_COMPATIBILITY_VERSION = 1;
				DYLIB_CURRENT_VERSION = 1;
				DYLIB_INSTALL_NAME_BASE = "@rpath";
				ENABLE_MODULE_VERIFIER = YES;
				GENERATE_INFOPLIST_FILE = YES;
				INFOPLIST_KEY_NSHumanReadableCopyright = "";
				INSTALL_PATH = "$(LOCAL_LIBRARY_DIR)/Frameworks";
				LD_RUNPATH_SEARCH_PATHS = (
					"$(inherited)",
					"@executable_path/../Frameworks",
					"@loader_path/Frameworks",
				);
				MARKETING_VERSION = 1.0;
				MODULE_VERIFIER_SUPPORTED_LANGUAGES = "objective-c objective-c++";
				MODULE_VERIFIER_SUPPORTED_LANGUAGE_STANDARDS = "gnu11 gnu++20";
				PRODUCT_BUNDLE_IDENTIFIER = com.altunog.EssentialFeed;
				PRODUCT_NAME = "$(TARGET_NAME:c99extidentifier)";
				SKIP_INSTALL = YES;
				SWIFT_EMIT_LOC_STRINGS = YES;
				SWIFT_OPTIMIZATION_LEVEL = "-Onone";
				SWIFT_VERSION = 5.0;
			};
			name = Debug;
		};
		6A321C622ADACEB000E1A0DB /* Release */ = {
			isa = XCBuildConfiguration;
			buildSettings = {
				CLANG_ENABLE_MODULES = YES;
				CODE_SIGN_STYLE = Automatic;
				COMBINE_HIDPI_IMAGES = YES;
				CURRENT_PROJECT_VERSION = 1;
				DEFINES_MODULE = YES;
				DEVELOPMENT_TEAM = 5TUA6QYFHS;
				DYLIB_COMPATIBILITY_VERSION = 1;
				DYLIB_CURRENT_VERSION = 1;
				DYLIB_INSTALL_NAME_BASE = "@rpath";
				ENABLE_MODULE_VERIFIER = YES;
				GENERATE_INFOPLIST_FILE = YES;
				INFOPLIST_KEY_NSHumanReadableCopyright = "";
				INSTALL_PATH = "$(LOCAL_LIBRARY_DIR)/Frameworks";
				LD_RUNPATH_SEARCH_PATHS = (
					"$(inherited)",
					"@executable_path/../Frameworks",
					"@loader_path/Frameworks",
				);
				MARKETING_VERSION = 1.0;
				MODULE_VERIFIER_SUPPORTED_LANGUAGES = "objective-c objective-c++";
				MODULE_VERIFIER_SUPPORTED_LANGUAGE_STANDARDS = "gnu11 gnu++20";
				PRODUCT_BUNDLE_IDENTIFIER = com.altunog.EssentialFeed;
				PRODUCT_NAME = "$(TARGET_NAME:c99extidentifier)";
				SKIP_INSTALL = YES;
				SWIFT_EMIT_LOC_STRINGS = YES;
				SWIFT_VERSION = 5.0;
			};
			name = Release;
		};
		6A321C642ADACEB000E1A0DB /* Debug */ = {
			isa = XCBuildConfiguration;
			buildSettings = {
				ALWAYS_EMBED_SWIFT_STANDARD_LIBRARIES = YES;
				CODE_SIGN_STYLE = Automatic;
				CURRENT_PROJECT_VERSION = 1;
				DEVELOPMENT_TEAM = 5TUA6QYFHS;
				GENERATE_INFOPLIST_FILE = YES;
				MARKETING_VERSION = 1.0;
				PRODUCT_BUNDLE_IDENTIFIER = com.altunog.EssentialFeedTests;
				PRODUCT_NAME = "$(TARGET_NAME)";
				SWIFT_EMIT_LOC_STRINGS = NO;
				SWIFT_VERSION = 5.0;
			};
			name = Debug;
		};
		6A321C652ADACEB000E1A0DB /* Release */ = {
			isa = XCBuildConfiguration;
			buildSettings = {
				ALWAYS_EMBED_SWIFT_STANDARD_LIBRARIES = YES;
				CODE_SIGN_STYLE = Automatic;
				CURRENT_PROJECT_VERSION = 1;
				DEVELOPMENT_TEAM = 5TUA6QYFHS;
				GENERATE_INFOPLIST_FILE = YES;
				MARKETING_VERSION = 1.0;
				PRODUCT_BUNDLE_IDENTIFIER = com.altunog.EssentialFeedTests;
				PRODUCT_NAME = "$(TARGET_NAME)";
				SWIFT_EMIT_LOC_STRINGS = NO;
				SWIFT_VERSION = 5.0;
			};
			name = Release;
		};
		6A32C0282AFEC34300DAAAFB /* Debug */ = {
			isa = XCBuildConfiguration;
			buildSettings = {
				CODE_SIGN_STYLE = Automatic;
				CURRENT_PROJECT_VERSION = 1;
				DEVELOPMENT_TEAM = 5TUA6QYFHS;
				GENERATE_INFOPLIST_FILE = YES;
				MARKETING_VERSION = 1.0;
				PRODUCT_BUNDLE_IDENTIFIER = com.altunog.EssentialFeedAPIEndToEndTests;
				PRODUCT_NAME = "$(TARGET_NAME)";
				SWIFT_EMIT_LOC_STRINGS = NO;
				SWIFT_VERSION = 5.0;
			};
			name = Debug;
		};
		6A32C0292AFEC34300DAAAFB /* Release */ = {
			isa = XCBuildConfiguration;
			buildSettings = {
				CODE_SIGN_STYLE = Automatic;
				CURRENT_PROJECT_VERSION = 1;
				DEVELOPMENT_TEAM = 5TUA6QYFHS;
				GENERATE_INFOPLIST_FILE = YES;
				MARKETING_VERSION = 1.0;
				PRODUCT_BUNDLE_IDENTIFIER = com.altunog.EssentialFeedAPIEndToEndTests;
				PRODUCT_NAME = "$(TARGET_NAME)";
				SWIFT_EMIT_LOC_STRINGS = NO;
				SWIFT_VERSION = 5.0;
			};
			name = Release;
		};
/* End XCBuildConfiguration section */

/* Begin XCConfigurationList section */
		6A321C482ADACEB000E1A0DB /* Build configuration list for PBXProject "EssentialFeed" */ = {
			isa = XCConfigurationList;
			buildConfigurations = (
				6A321C5E2ADACEB000E1A0DB /* Debug */,
				6A321C5F2ADACEB000E1A0DB /* Release */,
			);
			defaultConfigurationIsVisible = 0;
			defaultConfigurationName = Release;
		};
		6A321C602ADACEB000E1A0DB /* Build configuration list for PBXNativeTarget "EssentialFeed" */ = {
			isa = XCConfigurationList;
			buildConfigurations = (
				6A321C612ADACEB000E1A0DB /* Debug */,
				6A321C622ADACEB000E1A0DB /* Release */,
			);
			defaultConfigurationIsVisible = 0;
			defaultConfigurationName = Release;
		};
		6A321C632ADACEB000E1A0DB /* Build configuration list for PBXNativeTarget "EssentialFeedTests" */ = {
			isa = XCConfigurationList;
			buildConfigurations = (
				6A321C642ADACEB000E1A0DB /* Debug */,
				6A321C652ADACEB000E1A0DB /* Release */,
			);
			defaultConfigurationIsVisible = 0;
			defaultConfigurationName = Release;
		};
		6A32C0272AFEC34300DAAAFB /* Build configuration list for PBXNativeTarget "EssentialFeedAPIEndToEndTests" */ = {
			isa = XCConfigurationList;
			buildConfigurations = (
				6A32C0282AFEC34300DAAAFB /* Debug */,
				6A32C0292AFEC34300DAAAFB /* Release */,
			);
			defaultConfigurationIsVisible = 0;
			defaultConfigurationName = Release;
		};
/* End XCConfigurationList section */
	};
	rootObject = 6A321C452ADACEB000E1A0DB /* Project object */;
}
