// !$*UTF8*$!
{
	archiveVersion = 1;
	classes = {
	};
	objectVersion = 56;
	objects = {

/* Begin PBXBuildFile section */
		6A09F1512B45EF4600DC7C99 /* UIImage+TestHelpers.swift in Sources */ = {isa = PBXBuildFile; fileRef = 6A09F1502B45EF4600DC7C99 /* UIImage+TestHelpers.swift */; };
		6A09F1532B45EF9C00DC7C99 /* UIRefreshControl+TestHelpers.swift in Sources */ = {isa = PBXBuildFile; fileRef = 6A09F1522B45EF9C00DC7C99 /* UIRefreshControl+TestHelpers.swift */; };
		6A09F1552B45EFF700DC7C99 /* UIButton+TestHelpers.swift in Sources */ = {isa = PBXBuildFile; fileRef = 6A09F1542B45EFF700DC7C99 /* UIButton+TestHelpers.swift */; };
		6A09F15A2B45F0CB00DC7C99 /* UIControl+TestHelpers.swift in Sources */ = {isa = PBXBuildFile; fileRef = 6A09F1592B45F0CB00DC7C99 /* UIControl+TestHelpers.swift */; };
		6A09F15C2B45F18E00DC7C99 /* FeedViewController+TestHelpers.swift in Sources */ = {isa = PBXBuildFile; fileRef = 6A09F15B2B45F18E00DC7C99 /* FeedViewController+TestHelpers.swift */; };
		6A09F15E2B45F25800DC7C99 /* FeedImageCell+TestHelpers.swift in Sources */ = {isa = PBXBuildFile; fileRef = 6A09F15D2B45F25800DC7C99 /* FeedImageCell+TestHelpers.swift */; };
		6A09F1602B45F2B900DC7C99 /* FeedViewControllerTests+LoaderSpy.swift in Sources */ = {isa = PBXBuildFile; fileRef = 6A09F15F2B45F2B900DC7C99 /* FeedViewControllerTests+LoaderSpy.swift */; };
		6A09F1632B45F3A900DC7C99 /* FeedViewControllerTests+Assertions.swift in Sources */ = {isa = PBXBuildFile; fileRef = 6A09F1622B45F3A900DC7C99 /* FeedViewControllerTests+Assertions.swift */; };
		6A09F1672B45FD8900DC7C99 /* FeedImageCellController.swift in Sources */ = {isa = PBXBuildFile; fileRef = 6A09F1662B45FD8900DC7C99 /* FeedImageCellController.swift */; };
		6A09F16A2B4700F600DC7C99 /* FeedUIComposer.swift in Sources */ = {isa = PBXBuildFile; fileRef = 6A09F1692B4700F600DC7C99 /* FeedUIComposer.swift */; };
		6A116A922B00DC5F00112095 /* CacheFeedUseCase.swift in Sources */ = {isa = PBXBuildFile; fileRef = 6A116A912B00DC5F00112095 /* CacheFeedUseCase.swift */; };
		6A13FEEB2B947D5E007F3BD0 /* LocalFeedImageDataLoader.swift in Sources */ = {isa = PBXBuildFile; fileRef = 6A13FEEA2B947D5E007F3BD0 /* LocalFeedImageDataLoader.swift */; };
		6A13FEED2B947DF4007F3BD0 /* FeedImageDataStore.swift in Sources */ = {isa = PBXBuildFile; fileRef = 6A13FEEC2B947DF4007F3BD0 /* FeedImageDataStore.swift */; };
		6A2409D92B3DF96E00CA36B8 /* EssentialFeediOS.framework in Frameworks */ = {isa = PBXBuildFile; fileRef = 6A2409D12B3DF96E00CA36B8 /* EssentialFeediOS.framework */; };
		6A2409E82B407CDB00CA36B8 /* FeedUIIntegrationTests.swift in Sources */ = {isa = PBXBuildFile; fileRef = 6A2409E72B407CDB00CA36B8 /* FeedUIIntegrationTests.swift */; };
		6A2409F12B4081DE00CA36B8 /* EssentialFeed.framework in Frameworks */ = {isa = PBXBuildFile; fileRef = 6A321C4E2ADACEB000E1A0DB /* EssentialFeed.framework */; };
		6A2409F22B40838A00CA36B8 /* XCTestCase+MemoryLeakTracking.swift in Sources */ = {isa = PBXBuildFile; fileRef = 6A56A9762AF7B0B8002321AB /* XCTestCase+MemoryLeakTracking.swift */; };
		6A2409F42B4093AA00CA36B8 /* FeedViewController.swift in Sources */ = {isa = PBXBuildFile; fileRef = 6A2409F32B4093AA00CA36B8 /* FeedViewController.swift */; };
		6A2409F62B418A1800CA36B8 /* FeedImageCell.swift in Sources */ = {isa = PBXBuildFile; fileRef = 6A2409F52B418A1800CA36B8 /* FeedImageCell.swift */; };
		6A321C572ADACEB000E1A0DB /* EssentialFeed.framework in Frameworks */ = {isa = PBXBuildFile; fileRef = 6A321C4E2ADACEB000E1A0DB /* EssentialFeed.framework */; };
		6A321C672ADACED700E1A0DB /* FeedImage.swift in Sources */ = {isa = PBXBuildFile; fileRef = 6A321C662ADACED700E1A0DB /* FeedImage.swift */; };
		6A321C692ADAD3F500E1A0DB /* FeedLoader.swift in Sources */ = {isa = PBXBuildFile; fileRef = 6A321C682ADAD3F500E1A0DB /* FeedLoader.swift */; };
		6A321C6C2ADBE5D200E1A0DB /* LoadFeedFromRemoteUseCaseTests.swift in Sources */ = {isa = PBXBuildFile; fileRef = 6A321C6B2ADBE5D200E1A0DB /* LoadFeedFromRemoteUseCaseTests.swift */; };
		6A3265A52B5D693700266717 /* FeedPresenter.swift in Sources */ = {isa = PBXBuildFile; fileRef = 6A3265A42B5D693700266717 /* FeedPresenter.swift */; };
		6A3265A62B5D69F400266717 /* Feed.strings in Resources */ = {isa = PBXBuildFile; fileRef = 6A3265A02B5D52CB00266717 /* Feed.strings */; };
		6A3265A82B5D6A6600266717 /* FeedViewModel.swift in Sources */ = {isa = PBXBuildFile; fileRef = 6A3265A72B5D6A6600266717 /* FeedViewModel.swift */; };
		6A3265AA2B5D6B0700266717 /* FeedLoadingViewModel.swift in Sources */ = {isa = PBXBuildFile; fileRef = 6A3265A92B5D6B0700266717 /* FeedLoadingViewModel.swift */; };
		6A3265AC2B5D6B4900266717 /* FeedErrorViewModel.swift in Sources */ = {isa = PBXBuildFile; fileRef = 6A3265AB2B5D6B4900266717 /* FeedErrorViewModel.swift */; };
		6A3265AD2B5D6DFA00266717 /* FeedLocalizationTests.swift in Sources */ = {isa = PBXBuildFile; fileRef = 6A7BD7182B55C0C60022B8A1 /* FeedLocalizationTests.swift */; };
		6A3265AF2B5D939400266717 /* FeedImagePresenterTests.swift in Sources */ = {isa = PBXBuildFile; fileRef = 6A3265AE2B5D939400266717 /* FeedImagePresenterTests.swift */; };
		6A3265B12B5DAB0500266717 /* FeedImagePresenter.swift in Sources */ = {isa = PBXBuildFile; fileRef = 6A3265B02B5DAB0500266717 /* FeedImagePresenter.swift */; };
		6A3265B32B5DAC0F00266717 /* FeedImageViewModel.swift in Sources */ = {isa = PBXBuildFile; fileRef = 6A3265B22B5DAC0F00266717 /* FeedImageViewModel.swift */; };
		6A3265B42B66CE2F00266717 /* FeedImageLoader.swift in Sources */ = {isa = PBXBuildFile; fileRef = 6A09F14A2B45EABB00DC7C99 /* FeedImageLoader.swift */; };
		6A3265B62B66CFAE00266717 /* LoadFeedImageDataFromRemoteUseCaseTests.swift in Sources */ = {isa = PBXBuildFile; fileRef = 6A3265B52B66CFAE00266717 /* LoadFeedImageDataFromRemoteUseCaseTests.swift */; };
		6A32C0232AFEC34300DAAAFB /* EssentialFeedAPIEndToEndTests.swift in Sources */ = {isa = PBXBuildFile; fileRef = 6A32C0222AFEC34300DAAAFB /* EssentialFeedAPIEndToEndTests.swift */; };
		6A32C0242AFEC34300DAAAFB /* EssentialFeed.framework in Frameworks */ = {isa = PBXBuildFile; fileRef = 6A321C4E2ADACEB000E1A0DB /* EssentialFeed.framework */; };
		6A32C02A2AFED57300DAAAFB /* XCTestCase+MemoryLeakTracking.swift in Sources */ = {isa = PBXBuildFile; fileRef = 6A56A9762AF7B0B8002321AB /* XCTestCase+MemoryLeakTracking.swift */; };
		6A3372CD2B0A2B1C00D406CA /* FeedCachePolicy.swift in Sources */ = {isa = PBXBuildFile; fileRef = 6A3372CC2B0A2B1C00D406CA /* FeedCachePolicy.swift */; };
		6A56A9772AF7B0B8002321AB /* XCTestCase+MemoryLeakTracking.swift in Sources */ = {isa = PBXBuildFile; fileRef = 6A56A9762AF7B0B8002321AB /* XCTestCase+MemoryLeakTracking.swift */; };
		6A5CFCEB2B541283004FC3D7 /* UITableView+Dequeueing.swift in Sources */ = {isa = PBXBuildFile; fileRef = 6A5CFCEA2B541283004FC3D7 /* UITableView+Dequeueing.swift */; };
		6A5CFCED2B5413C6004FC3D7 /* UIImageView+Animations.swift in Sources */ = {isa = PBXBuildFile; fileRef = 6A5CFCEC2B5413C6004FC3D7 /* UIImageView+Animations.swift */; };
		6A5D0AFB2AED2E9600093086 /* RemoteFeedLoader.swift in Sources */ = {isa = PBXBuildFile; fileRef = 6A5D0AFA2AED2E9600093086 /* RemoteFeedLoader.swift */; };
		6A7019EB2B5BE4DF0067C399 /* ErrorView.swift in Sources */ = {isa = PBXBuildFile; fileRef = 6A7019EA2B5BE4DF0067C399 /* ErrorView.swift */; };
		6A7019F02B5D0E330067C399 /* UIRefreshControl+Helpers.swift in Sources */ = {isa = PBXBuildFile; fileRef = 6A7019EF2B5D0E330067C399 /* UIRefreshControl+Helpers.swift */; };
		6A73186F2B321EA000C50435 /* CoreDataFeedStoreTests.swift in Sources */ = {isa = PBXBuildFile; fileRef = 6A73186E2B321EA000C50435 /* CoreDataFeedStoreTests.swift */; };
		6A7318712B321F7900C50435 /* CoreDataFeedStore.swift in Sources */ = {isa = PBXBuildFile; fileRef = 6A7318702B321F7900C50435 /* CoreDataFeedStore.swift */; };
		6A7318742B32235A00C50435 /* FeedStore.xcdatamodeld in Sources */ = {isa = PBXBuildFile; fileRef = 6A7318722B32235A00C50435 /* FeedStore.xcdatamodeld */; };
		6A7318812B3303B100C50435 /* CoreDataHelpers.swift in Sources */ = {isa = PBXBuildFile; fileRef = 6A7318802B3303B100C50435 /* CoreDataHelpers.swift */; };
		6A7318832B33049500C50435 /* ManagedCache.swift in Sources */ = {isa = PBXBuildFile; fileRef = 6A7318822B33049500C50435 /* ManagedCache.swift */; };
		6A7318852B3304D900C50435 /* ManagedFeedImage.swift in Sources */ = {isa = PBXBuildFile; fileRef = 6A7318842B3304D900C50435 /* ManagedFeedImage.swift */; };
		6A73188D2B35F10000C50435 /* EssentialFeedCacheIntegrationTests.swift in Sources */ = {isa = PBXBuildFile; fileRef = 6A73188C2B35F10000C50435 /* EssentialFeedCacheIntegrationTests.swift */; };
		6A73188E2B35F10000C50435 /* EssentialFeed.framework in Frameworks */ = {isa = PBXBuildFile; fileRef = 6A321C4E2ADACEB000E1A0DB /* EssentialFeed.framework */; };
		6A7318952B3766F500C50435 /* XCTestCase+MemoryLeakTracking.swift in Sources */ = {isa = PBXBuildFile; fileRef = 6A56A9762AF7B0B8002321AB /* XCTestCase+MemoryLeakTracking.swift */; };
		6A7318962B3769EE00C50435 /* FeedCacheTestHelpers.swift in Sources */ = {isa = PBXBuildFile; fileRef = 6AB62DA92B0A1C9300E39B53 /* FeedCacheTestHelpers.swift */; };
		6A7318972B3769FE00C50435 /* SharedTestHelpers.swift in Sources */ = {isa = PBXBuildFile; fileRef = 6AB62DAB2B0A1D9B00E39B53 /* SharedTestHelpers.swift */; };
		6A74FEB32B80A8910086CA27 /* HTTPClientSpy.swift in Sources */ = {isa = PBXBuildFile; fileRef = 6A74FEB22B80A8910086CA27 /* HTTPClientSpy.swift */; };
		6A74FEB52B80A98A0086CA27 /* RemoteFeedImageDataLoader.swift in Sources */ = {isa = PBXBuildFile; fileRef = 6A74FEB42B80A98A0086CA27 /* RemoteFeedImageDataLoader.swift */; };
		6A74FEB82B80B3DA0086CA27 /* HTTPURLResponse+StatusCode.swift in Sources */ = {isa = PBXBuildFile; fileRef = 6A74FEB72B80B3DA0086CA27 /* HTTPURLResponse+StatusCode.swift */; };
		6A74FEBA2B80B5190086CA27 /* URLProtocolStub.swift in Sources */ = {isa = PBXBuildFile; fileRef = 6A74FEB92B80B5190086CA27 /* URLProtocolStub.swift */; };
		6A74FEBC2B80FDDE0086CA27 /* LocalFeedImageDataFromCacheUseCaseTests.swift in Sources */ = {isa = PBXBuildFile; fileRef = 6A74FEBB2B80FDDE0086CA27 /* LocalFeedImageDataFromCacheUseCaseTests.swift */; };
		6A77FE3B2AF7E371008E6F5F /* URLSessionHTTPClient.swift in Sources */ = {isa = PBXBuildFile; fileRef = 6A77FE3A2AF7E371008E6F5F /* URLSessionHTTPClient.swift */; };
		6A7BD7112B55BC480022B8A1 /* FeedViewControllerTests+Localization.swift in Sources */ = {isa = PBXBuildFile; fileRef = 6A7BD7102B55BC480022B8A1 /* FeedViewControllerTests+Localization.swift */; };
		6A7BD71B2B5720EC0022B8A1 /* MainQueueDispatchDecorator.swift in Sources */ = {isa = PBXBuildFile; fileRef = 6A7BD71A2B5720EC0022B8A1 /* MainQueueDispatchDecorator.swift */; };
		6A7BD71D2B5721560022B8A1 /* WeakRefVirtualProxy.swift in Sources */ = {isa = PBXBuildFile; fileRef = 6A7BD71C2B5721560022B8A1 /* WeakRefVirtualProxy.swift */; };
		6A7BD71F2B5721CE0022B8A1 /* FeedImageDataLoaderPresentationAdapter.swift in Sources */ = {isa = PBXBuildFile; fileRef = 6A7BD71E2B5721CE0022B8A1 /* FeedImageDataLoaderPresentationAdapter.swift */; };
		6A7BD7212B57220A0022B8A1 /* FeedLoaderPresentationAdapter.swift in Sources */ = {isa = PBXBuildFile; fileRef = 6A7BD7202B57220A0022B8A1 /* FeedLoaderPresentationAdapter.swift */; };
		6A7BD7232B57224E0022B8A1 /* FeedViewAdapter.swift in Sources */ = {isa = PBXBuildFile; fileRef = 6A7BD7222B57224E0022B8A1 /* FeedViewAdapter.swift */; };
		6A7BD7262B5BD83E0022B8A1 /* FeedPresenterTests.swift in Sources */ = {isa = PBXBuildFile; fileRef = 6A7BD7252B5BD83E0022B8A1 /* FeedPresenterTests.swift */; };
		6A8321E42B029D5700E5E3D3 /* LocalFeedLoader.swift in Sources */ = {isa = PBXBuildFile; fileRef = 6A8321E32B029D5700E5E3D3 /* LocalFeedLoader.swift */; };
		6A8321E62B029E1900E5E3D3 /* FeedStore.swift in Sources */ = {isa = PBXBuildFile; fileRef = 6A8321E52B029E1900E5E3D3 /* FeedStore.swift */; };
		6A8321E82B08D6DD00E5E3D3 /* RemoteFeedItem.swift in Sources */ = {isa = PBXBuildFile; fileRef = 6A8321E72B08D6DD00E5E3D3 /* RemoteFeedItem.swift */; };
		6A8321EA2B08D72100E5E3D3 /* LocalFeedImage.swift in Sources */ = {isa = PBXBuildFile; fileRef = 6A8321E92B08D72100E5E3D3 /* LocalFeedImage.swift */; };
		6A8321EC2B08E53C00E5E3D3 /* LoadFeedFromCacheUseCaseTests.swift in Sources */ = {isa = PBXBuildFile; fileRef = 6A8321EB2B08E53C00E5E3D3 /* LoadFeedFromCacheUseCaseTests.swift */; };
		6A8321EF2B08E65F00E5E3D3 /* FeedStoreSpy.swift in Sources */ = {isa = PBXBuildFile; fileRef = 6A8321EE2B08E65F00E5E3D3 /* FeedStoreSpy.swift */; };
		6A983F6E2AF648920006967C /* HTTPClient.swift in Sources */ = {isa = PBXBuildFile; fileRef = 6A983F6D2AF648920006967C /* HTTPClient.swift */; };
		6A983F702AF649320006967C /* FeedItemsMapper.swift in Sources */ = {isa = PBXBuildFile; fileRef = 6A983F6F2AF649320006967C /* FeedItemsMapper.swift */; };
		6AB0A6B82B0A178B00A2FB3A /* ValidateFeedCacheUseCaseTests.swift in Sources */ = {isa = PBXBuildFile; fileRef = 6AB0A6B72B0A178B00A2FB3A /* ValidateFeedCacheUseCaseTests.swift */; };
		6AB62DAA2B0A1C9300E39B53 /* FeedCacheTestHelpers.swift in Sources */ = {isa = PBXBuildFile; fileRef = 6AB62DA92B0A1C9300E39B53 /* FeedCacheTestHelpers.swift */; };
		6AB62DAC2B0A1D9B00E39B53 /* SharedTestHelpers.swift in Sources */ = {isa = PBXBuildFile; fileRef = 6AB62DAB2B0A1D9B00E39B53 /* SharedTestHelpers.swift */; };
		6ABFD7E52B13CEE900A40C61 /* FeedStoreSpecs.swift in Sources */ = {isa = PBXBuildFile; fileRef = 6ABFD7E42B13CEE900A40C61 /* FeedStoreSpecs.swift */; };
		6ABFD7E72B13CFDA00A40C61 /* XCTest+FeedStoreSpecs.swift in Sources */ = {isa = PBXBuildFile; fileRef = 6ABFD7E62B13CFDA00A40C61 /* XCTest+FeedStoreSpecs.swift */; };
		6AC6005F2B53FB090029FF6D /* Feed.storyboard in Resources */ = {isa = PBXBuildFile; fileRef = 6AC6005E2B53FB090029FF6D /* Feed.storyboard */; };
		6AC600612B53FC010029FF6D /* Feed.xcassets in Resources */ = {isa = PBXBuildFile; fileRef = 6AC600602B53FC010029FF6D /* Feed.xcassets */; };
		6AF06C9A2B41B4210034FA73 /* UIView+Shimmering.swift in Sources */ = {isa = PBXBuildFile; fileRef = 6AF06C992B41B4210034FA73 /* UIView+Shimmering.swift */; };
		6AF7B46C2AF6957E00F8FA61 /* URLSessionHTTPClientTests.swift in Sources */ = {isa = PBXBuildFile; fileRef = 6AF7B46B2AF6957E00F8FA61 /* URLSessionHTTPClientTests.swift */; };
/* End PBXBuildFile section */

/* Begin PBXContainerItemProxy section */
		6A2409DA2B3DF96E00CA36B8 /* PBXContainerItemProxy */ = {
			isa = PBXContainerItemProxy;
			containerPortal = 6A321C452ADACEB000E1A0DB /* Project object */;
			proxyType = 1;
			remoteGlobalIDString = 6A2409D02B3DF96E00CA36B8;
			remoteInfo = EssentialFeediOS;
		};
		6A321C582ADACEB000E1A0DB /* PBXContainerItemProxy */ = {
			isa = PBXContainerItemProxy;
			containerPortal = 6A321C452ADACEB000E1A0DB /* Project object */;
			proxyType = 1;
			remoteGlobalIDString = 6A321C4D2ADACEB000E1A0DB;
			remoteInfo = EssentialFeed;
		};
		6A32C0252AFEC34300DAAAFB /* PBXContainerItemProxy */ = {
			isa = PBXContainerItemProxy;
			containerPortal = 6A321C452ADACEB000E1A0DB /* Project object */;
			proxyType = 1;
			remoteGlobalIDString = 6A321C4D2ADACEB000E1A0DB;
			remoteInfo = EssentialFeed;
		};
		6A73188F2B35F10000C50435 /* PBXContainerItemProxy */ = {
			isa = PBXContainerItemProxy;
			containerPortal = 6A321C452ADACEB000E1A0DB /* Project object */;
			proxyType = 1;
			remoteGlobalIDString = 6A321C4D2ADACEB000E1A0DB;
			remoteInfo = EssentialFeed;
		};
/* End PBXContainerItemProxy section */

/* Begin PBXFileReference section */
		6A09F14A2B45EABB00DC7C99 /* FeedImageLoader.swift */ = {isa = PBXFileReference; lastKnownFileType = sourcecode.swift; path = FeedImageLoader.swift; sourceTree = "<group>"; };
		6A09F1502B45EF4600DC7C99 /* UIImage+TestHelpers.swift */ = {isa = PBXFileReference; lastKnownFileType = sourcecode.swift; path = "UIImage+TestHelpers.swift"; sourceTree = "<group>"; };
		6A09F1522B45EF9C00DC7C99 /* UIRefreshControl+TestHelpers.swift */ = {isa = PBXFileReference; lastKnownFileType = sourcecode.swift; path = "UIRefreshControl+TestHelpers.swift"; sourceTree = "<group>"; };
		6A09F1542B45EFF700DC7C99 /* UIButton+TestHelpers.swift */ = {isa = PBXFileReference; lastKnownFileType = sourcecode.swift; path = "UIButton+TestHelpers.swift"; sourceTree = "<group>"; };
		6A09F1592B45F0CB00DC7C99 /* UIControl+TestHelpers.swift */ = {isa = PBXFileReference; lastKnownFileType = sourcecode.swift; path = "UIControl+TestHelpers.swift"; sourceTree = "<group>"; };
		6A09F15B2B45F18E00DC7C99 /* FeedViewController+TestHelpers.swift */ = {isa = PBXFileReference; lastKnownFileType = sourcecode.swift; path = "FeedViewController+TestHelpers.swift"; sourceTree = "<group>"; };
		6A09F15D2B45F25800DC7C99 /* FeedImageCell+TestHelpers.swift */ = {isa = PBXFileReference; lastKnownFileType = sourcecode.swift; path = "FeedImageCell+TestHelpers.swift"; sourceTree = "<group>"; };
		6A09F15F2B45F2B900DC7C99 /* FeedViewControllerTests+LoaderSpy.swift */ = {isa = PBXFileReference; lastKnownFileType = sourcecode.swift; path = "FeedViewControllerTests+LoaderSpy.swift"; sourceTree = "<group>"; };
		6A09F1622B45F3A900DC7C99 /* FeedViewControllerTests+Assertions.swift */ = {isa = PBXFileReference; lastKnownFileType = sourcecode.swift; path = "FeedViewControllerTests+Assertions.swift"; sourceTree = "<group>"; };
		6A09F1662B45FD8900DC7C99 /* FeedImageCellController.swift */ = {isa = PBXFileReference; lastKnownFileType = sourcecode.swift; path = FeedImageCellController.swift; sourceTree = "<group>"; };
		6A09F1692B4700F600DC7C99 /* FeedUIComposer.swift */ = {isa = PBXFileReference; lastKnownFileType = sourcecode.swift; path = FeedUIComposer.swift; sourceTree = "<group>"; };
		6A116A912B00DC5F00112095 /* CacheFeedUseCase.swift */ = {isa = PBXFileReference; lastKnownFileType = sourcecode.swift; path = CacheFeedUseCase.swift; sourceTree = "<group>"; };
		6A13FEEA2B947D5E007F3BD0 /* LocalFeedImageDataLoader.swift */ = {isa = PBXFileReference; lastKnownFileType = sourcecode.swift; path = LocalFeedImageDataLoader.swift; sourceTree = "<group>"; };
		6A13FEEC2B947DF4007F3BD0 /* FeedImageDataStore.swift */ = {isa = PBXFileReference; lastKnownFileType = sourcecode.swift; path = FeedImageDataStore.swift; sourceTree = "<group>"; };
		6A225A3E2B3CBE2000112DCE /* EssentialFeedAPIEndToEndTests.xctestplan */ = {isa = PBXFileReference; lastKnownFileType = text; path = EssentialFeedAPIEndToEndTests.xctestplan; sourceTree = "<group>"; };
		6A2409D12B3DF96E00CA36B8 /* EssentialFeediOS.framework */ = {isa = PBXFileReference; explicitFileType = wrapper.framework; includeInIndex = 0; path = EssentialFeediOS.framework; sourceTree = BUILT_PRODUCTS_DIR; };
		6A2409D82B3DF96E00CA36B8 /* EssentialFeediOSTests.xctest */ = {isa = PBXFileReference; explicitFileType = wrapper.cfbundle; includeInIndex = 0; path = EssentialFeediOSTests.xctest; sourceTree = BUILT_PRODUCTS_DIR; };
		6A2409E62B3DFA7600CA36B8 /* CI_iOS.xctestplan */ = {isa = PBXFileReference; lastKnownFileType = text; path = CI_iOS.xctestplan; sourceTree = "<group>"; };
		6A2409E72B407CDB00CA36B8 /* FeedUIIntegrationTests.swift */ = {isa = PBXFileReference; lastKnownFileType = sourcecode.swift; path = FeedUIIntegrationTests.swift; sourceTree = "<group>"; };
		6A2409EA2B407E5600CA36B8 /* EssentialFeediOS.xctestplan */ = {isa = PBXFileReference; lastKnownFileType = text; path = EssentialFeediOS.xctestplan; sourceTree = "<group>"; };
		6A2409F32B4093AA00CA36B8 /* FeedViewController.swift */ = {isa = PBXFileReference; lastKnownFileType = sourcecode.swift; path = FeedViewController.swift; sourceTree = "<group>"; };
		6A2409F52B418A1800CA36B8 /* FeedImageCell.swift */ = {isa = PBXFileReference; lastKnownFileType = sourcecode.swift; path = FeedImageCell.swift; sourceTree = "<group>"; };
		6A2C567B2AFFAC8A0024B767 /* CI_macOS.xctestplan */ = {isa = PBXFileReference; lastKnownFileType = text; path = CI_macOS.xctestplan; sourceTree = "<group>"; };
		6A321C4E2ADACEB000E1A0DB /* EssentialFeed.framework */ = {isa = PBXFileReference; explicitFileType = wrapper.framework; includeInIndex = 0; path = EssentialFeed.framework; sourceTree = BUILT_PRODUCTS_DIR; };
		6A321C562ADACEB000E1A0DB /* EssentialFeedTests.xctest */ = {isa = PBXFileReference; explicitFileType = wrapper.cfbundle; includeInIndex = 0; path = EssentialFeedTests.xctest; sourceTree = BUILT_PRODUCTS_DIR; };
		6A321C662ADACED700E1A0DB /* FeedImage.swift */ = {isa = PBXFileReference; lastKnownFileType = sourcecode.swift; path = FeedImage.swift; sourceTree = "<group>"; };
		6A321C682ADAD3F500E1A0DB /* FeedLoader.swift */ = {isa = PBXFileReference; lastKnownFileType = sourcecode.swift; path = FeedLoader.swift; sourceTree = "<group>"; };
		6A321C6B2ADBE5D200E1A0DB /* LoadFeedFromRemoteUseCaseTests.swift */ = {isa = PBXFileReference; lastKnownFileType = sourcecode.swift; path = LoadFeedFromRemoteUseCaseTests.swift; sourceTree = "<group>"; };
		6A32659F2B5D52CB00266717 /* en */ = {isa = PBXFileReference; lastKnownFileType = text.plist.strings; name = en; path = en.lproj/Feed.strings; sourceTree = "<group>"; };
		6A3265A12B5D52CD00266717 /* el */ = {isa = PBXFileReference; lastKnownFileType = text.plist.strings; name = el; path = el.lproj/Feed.strings; sourceTree = "<group>"; };
		6A3265A22B5D52CE00266717 /* pt-BR */ = {isa = PBXFileReference; lastKnownFileType = text.plist.strings; name = "pt-BR"; path = "pt-BR.lproj/Feed.strings"; sourceTree = "<group>"; };
		6A3265A42B5D693700266717 /* FeedPresenter.swift */ = {isa = PBXFileReference; lastKnownFileType = sourcecode.swift; path = FeedPresenter.swift; sourceTree = "<group>"; };
		6A3265A72B5D6A6600266717 /* FeedViewModel.swift */ = {isa = PBXFileReference; lastKnownFileType = sourcecode.swift; path = FeedViewModel.swift; sourceTree = "<group>"; };
		6A3265A92B5D6B0700266717 /* FeedLoadingViewModel.swift */ = {isa = PBXFileReference; lastKnownFileType = sourcecode.swift; path = FeedLoadingViewModel.swift; sourceTree = "<group>"; };
		6A3265AB2B5D6B4900266717 /* FeedErrorViewModel.swift */ = {isa = PBXFileReference; lastKnownFileType = sourcecode.swift; path = FeedErrorViewModel.swift; sourceTree = "<group>"; };
		6A3265AE2B5D939400266717 /* FeedImagePresenterTests.swift */ = {isa = PBXFileReference; lastKnownFileType = sourcecode.swift; path = FeedImagePresenterTests.swift; sourceTree = "<group>"; };
		6A3265B02B5DAB0500266717 /* FeedImagePresenter.swift */ = {isa = PBXFileReference; lastKnownFileType = sourcecode.swift; path = FeedImagePresenter.swift; sourceTree = "<group>"; };
		6A3265B22B5DAC0F00266717 /* FeedImageViewModel.swift */ = {isa = PBXFileReference; lastKnownFileType = sourcecode.swift; path = FeedImageViewModel.swift; sourceTree = "<group>"; };
		6A3265B52B66CFAE00266717 /* LoadFeedImageDataFromRemoteUseCaseTests.swift */ = {isa = PBXFileReference; lastKnownFileType = sourcecode.swift; path = LoadFeedImageDataFromRemoteUseCaseTests.swift; sourceTree = "<group>"; };
		6A32C01B2AFEBB9F00DAAAFB /* EssentialFeed.xctestplan */ = {isa = PBXFileReference; lastKnownFileType = text; path = EssentialFeed.xctestplan; sourceTree = "<group>"; };
		6A32C0202AFEC34300DAAAFB /* EssentialFeedAPIEndToEndTests.xctest */ = {isa = PBXFileReference; explicitFileType = wrapper.cfbundle; includeInIndex = 0; path = EssentialFeedAPIEndToEndTests.xctest; sourceTree = BUILT_PRODUCTS_DIR; };
		6A32C0222AFEC34300DAAAFB /* EssentialFeedAPIEndToEndTests.swift */ = {isa = PBXFileReference; lastKnownFileType = sourcecode.swift; path = EssentialFeedAPIEndToEndTests.swift; sourceTree = "<group>"; };
		6A3372CC2B0A2B1C00D406CA /* FeedCachePolicy.swift */ = {isa = PBXFileReference; lastKnownFileType = sourcecode.swift; path = FeedCachePolicy.swift; sourceTree = "<group>"; };
		6A56A9762AF7B0B8002321AB /* XCTestCase+MemoryLeakTracking.swift */ = {isa = PBXFileReference; lastKnownFileType = sourcecode.swift; path = "XCTestCase+MemoryLeakTracking.swift"; sourceTree = "<group>"; };
		6A5CFCEA2B541283004FC3D7 /* UITableView+Dequeueing.swift */ = {isa = PBXFileReference; lastKnownFileType = sourcecode.swift; path = "UITableView+Dequeueing.swift"; sourceTree = "<group>"; };
		6A5CFCEC2B5413C6004FC3D7 /* UIImageView+Animations.swift */ = {isa = PBXFileReference; lastKnownFileType = sourcecode.swift; path = "UIImageView+Animations.swift"; sourceTree = "<group>"; };
		6A5D0AFA2AED2E9600093086 /* RemoteFeedLoader.swift */ = {isa = PBXFileReference; lastKnownFileType = sourcecode.swift; path = RemoteFeedLoader.swift; sourceTree = "<group>"; };
		6A7019EA2B5BE4DF0067C399 /* ErrorView.swift */ = {isa = PBXFileReference; lastKnownFileType = sourcecode.swift; path = ErrorView.swift; sourceTree = "<group>"; };
		6A7019EF2B5D0E330067C399 /* UIRefreshControl+Helpers.swift */ = {isa = PBXFileReference; lastKnownFileType = sourcecode.swift; path = "UIRefreshControl+Helpers.swift"; sourceTree = "<group>"; };
		6A73186E2B321EA000C50435 /* CoreDataFeedStoreTests.swift */ = {isa = PBXFileReference; lastKnownFileType = sourcecode.swift; path = CoreDataFeedStoreTests.swift; sourceTree = "<group>"; };
		6A7318702B321F7900C50435 /* CoreDataFeedStore.swift */ = {isa = PBXFileReference; lastKnownFileType = sourcecode.swift; path = CoreDataFeedStore.swift; sourceTree = "<group>"; };
		6A7318732B32235A00C50435 /* FeedStore.xcdatamodel */ = {isa = PBXFileReference; lastKnownFileType = wrapper.xcdatamodel; path = FeedStore.xcdatamodel; sourceTree = "<group>"; };
		6A7318802B3303B100C50435 /* CoreDataHelpers.swift */ = {isa = PBXFileReference; lastKnownFileType = sourcecode.swift; path = CoreDataHelpers.swift; sourceTree = "<group>"; };
		6A7318822B33049500C50435 /* ManagedCache.swift */ = {isa = PBXFileReference; lastKnownFileType = sourcecode.swift; path = ManagedCache.swift; sourceTree = "<group>"; };
		6A7318842B3304D900C50435 /* ManagedFeedImage.swift */ = {isa = PBXFileReference; lastKnownFileType = sourcecode.swift; path = ManagedFeedImage.swift; sourceTree = "<group>"; };
		6A73188A2B35F10000C50435 /* EssentialFeedCacheIntegrationTests.xctest */ = {isa = PBXFileReference; explicitFileType = wrapper.cfbundle; includeInIndex = 0; path = EssentialFeedCacheIntegrationTests.xctest; sourceTree = BUILT_PRODUCTS_DIR; };
		6A73188C2B35F10000C50435 /* EssentialFeedCacheIntegrationTests.swift */ = {isa = PBXFileReference; lastKnownFileType = sourcecode.swift; path = EssentialFeedCacheIntegrationTests.swift; sourceTree = "<group>"; };
		6A7318942B35F16F00C50435 /* EssentialFeedCacheIntegrationTests.xctestplan */ = {isa = PBXFileReference; lastKnownFileType = text; path = EssentialFeedCacheIntegrationTests.xctestplan; sourceTree = "<group>"; };
		6A74FEB22B80A8910086CA27 /* HTTPClientSpy.swift */ = {isa = PBXFileReference; lastKnownFileType = sourcecode.swift; path = HTTPClientSpy.swift; sourceTree = "<group>"; };
		6A74FEB42B80A98A0086CA27 /* RemoteFeedImageDataLoader.swift */ = {isa = PBXFileReference; lastKnownFileType = sourcecode.swift; path = RemoteFeedImageDataLoader.swift; sourceTree = "<group>"; };
		6A74FEB72B80B3DA0086CA27 /* HTTPURLResponse+StatusCode.swift */ = {isa = PBXFileReference; lastKnownFileType = sourcecode.swift; path = "HTTPURLResponse+StatusCode.swift"; sourceTree = "<group>"; };
		6A74FEB92B80B5190086CA27 /* URLProtocolStub.swift */ = {isa = PBXFileReference; lastKnownFileType = sourcecode.swift; path = URLProtocolStub.swift; sourceTree = "<group>"; };
		6A74FEBB2B80FDDE0086CA27 /* LocalFeedImageDataFromCacheUseCaseTests.swift */ = {isa = PBXFileReference; lastKnownFileType = sourcecode.swift; path = LocalFeedImageDataFromCacheUseCaseTests.swift; sourceTree = "<group>"; };
		6A77FE3A2AF7E371008E6F5F /* URLSessionHTTPClient.swift */ = {isa = PBXFileReference; lastKnownFileType = sourcecode.swift; path = URLSessionHTTPClient.swift; sourceTree = "<group>"; };
		6A7BD7102B55BC480022B8A1 /* FeedViewControllerTests+Localization.swift */ = {isa = PBXFileReference; lastKnownFileType = sourcecode.swift; path = "FeedViewControllerTests+Localization.swift"; sourceTree = "<group>"; };
		6A7BD7182B55C0C60022B8A1 /* FeedLocalizationTests.swift */ = {isa = PBXFileReference; lastKnownFileType = sourcecode.swift; path = FeedLocalizationTests.swift; sourceTree = "<group>"; };
		6A7BD71A2B5720EC0022B8A1 /* MainQueueDispatchDecorator.swift */ = {isa = PBXFileReference; lastKnownFileType = sourcecode.swift; path = MainQueueDispatchDecorator.swift; sourceTree = "<group>"; };
		6A7BD71C2B5721560022B8A1 /* WeakRefVirtualProxy.swift */ = {isa = PBXFileReference; lastKnownFileType = sourcecode.swift; path = WeakRefVirtualProxy.swift; sourceTree = "<group>"; };
		6A7BD71E2B5721CE0022B8A1 /* FeedImageDataLoaderPresentationAdapter.swift */ = {isa = PBXFileReference; lastKnownFileType = sourcecode.swift; path = FeedImageDataLoaderPresentationAdapter.swift; sourceTree = "<group>"; };
		6A7BD7202B57220A0022B8A1 /* FeedLoaderPresentationAdapter.swift */ = {isa = PBXFileReference; lastKnownFileType = sourcecode.swift; path = FeedLoaderPresentationAdapter.swift; sourceTree = "<group>"; };
		6A7BD7222B57224E0022B8A1 /* FeedViewAdapter.swift */ = {isa = PBXFileReference; lastKnownFileType = sourcecode.swift; path = FeedViewAdapter.swift; sourceTree = "<group>"; };
		6A7BD7252B5BD83E0022B8A1 /* FeedPresenterTests.swift */ = {isa = PBXFileReference; lastKnownFileType = sourcecode.swift; path = FeedPresenterTests.swift; sourceTree = "<group>"; };
		6A8321E32B029D5700E5E3D3 /* LocalFeedLoader.swift */ = {isa = PBXFileReference; lastKnownFileType = sourcecode.swift; path = LocalFeedLoader.swift; sourceTree = "<group>"; };
		6A8321E52B029E1900E5E3D3 /* FeedStore.swift */ = {isa = PBXFileReference; lastKnownFileType = sourcecode.swift; path = FeedStore.swift; sourceTree = "<group>"; };
		6A8321E72B08D6DD00E5E3D3 /* RemoteFeedItem.swift */ = {isa = PBXFileReference; lastKnownFileType = sourcecode.swift; path = RemoteFeedItem.swift; sourceTree = "<group>"; };
		6A8321E92B08D72100E5E3D3 /* LocalFeedImage.swift */ = {isa = PBXFileReference; lastKnownFileType = sourcecode.swift; path = LocalFeedImage.swift; sourceTree = "<group>"; };
		6A8321EB2B08E53C00E5E3D3 /* LoadFeedFromCacheUseCaseTests.swift */ = {isa = PBXFileReference; lastKnownFileType = sourcecode.swift; path = LoadFeedFromCacheUseCaseTests.swift; sourceTree = "<group>"; };
		6A8321EE2B08E65F00E5E3D3 /* FeedStoreSpy.swift */ = {isa = PBXFileReference; lastKnownFileType = sourcecode.swift; path = FeedStoreSpy.swift; sourceTree = "<group>"; };
		6A983F6D2AF648920006967C /* HTTPClient.swift */ = {isa = PBXFileReference; lastKnownFileType = sourcecode.swift; path = HTTPClient.swift; sourceTree = "<group>"; };
		6A983F6F2AF649320006967C /* FeedItemsMapper.swift */ = {isa = PBXFileReference; lastKnownFileType = sourcecode.swift; path = FeedItemsMapper.swift; sourceTree = "<group>"; };
		6AB0A6B72B0A178B00A2FB3A /* ValidateFeedCacheUseCaseTests.swift */ = {isa = PBXFileReference; lastKnownFileType = sourcecode.swift; path = ValidateFeedCacheUseCaseTests.swift; sourceTree = "<group>"; };
		6AB62DA92B0A1C9300E39B53 /* FeedCacheTestHelpers.swift */ = {isa = PBXFileReference; lastKnownFileType = sourcecode.swift; path = FeedCacheTestHelpers.swift; sourceTree = "<group>"; };
		6AB62DAB2B0A1D9B00E39B53 /* SharedTestHelpers.swift */ = {isa = PBXFileReference; lastKnownFileType = sourcecode.swift; path = SharedTestHelpers.swift; sourceTree = "<group>"; };
		6ABFD7E42B13CEE900A40C61 /* FeedStoreSpecs.swift */ = {isa = PBXFileReference; lastKnownFileType = sourcecode.swift; path = FeedStoreSpecs.swift; sourceTree = "<group>"; };
		6ABFD7E62B13CFDA00A40C61 /* XCTest+FeedStoreSpecs.swift */ = {isa = PBXFileReference; lastKnownFileType = sourcecode.swift; path = "XCTest+FeedStoreSpecs.swift"; sourceTree = "<group>"; };
		6AC6005E2B53FB090029FF6D /* Feed.storyboard */ = {isa = PBXFileReference; lastKnownFileType = file.storyboard; path = Feed.storyboard; sourceTree = "<group>"; };
		6AC600602B53FC010029FF6D /* Feed.xcassets */ = {isa = PBXFileReference; lastKnownFileType = folder.assetcatalog; path = Feed.xcassets; sourceTree = "<group>"; };
		6AF06C992B41B4210034FA73 /* UIView+Shimmering.swift */ = {isa = PBXFileReference; lastKnownFileType = sourcecode.swift; path = "UIView+Shimmering.swift"; sourceTree = "<group>"; };
		6AF7B46B2AF6957E00F8FA61 /* URLSessionHTTPClientTests.swift */ = {isa = PBXFileReference; lastKnownFileType = sourcecode.swift; path = URLSessionHTTPClientTests.swift; sourceTree = "<group>"; };
/* End PBXFileReference section */

/* Begin PBXFrameworksBuildPhase section */
		6A2409CE2B3DF96E00CA36B8 /* Frameworks */ = {
			isa = PBXFrameworksBuildPhase;
			buildActionMask = 2147483647;
			files = (
				6A2409F12B4081DE00CA36B8 /* EssentialFeed.framework in Frameworks */,
			);
			runOnlyForDeploymentPostprocessing = 0;
		};
		6A2409D52B3DF96E00CA36B8 /* Frameworks */ = {
			isa = PBXFrameworksBuildPhase;
			buildActionMask = 2147483647;
			files = (
				6A2409D92B3DF96E00CA36B8 /* EssentialFeediOS.framework in Frameworks */,
			);
			runOnlyForDeploymentPostprocessing = 0;
		};
		6A321C4B2ADACEB000E1A0DB /* Frameworks */ = {
			isa = PBXFrameworksBuildPhase;
			buildActionMask = 2147483647;
			files = (
			);
			runOnlyForDeploymentPostprocessing = 0;
		};
		6A321C532ADACEB000E1A0DB /* Frameworks */ = {
			isa = PBXFrameworksBuildPhase;
			buildActionMask = 2147483647;
			files = (
				6A321C572ADACEB000E1A0DB /* EssentialFeed.framework in Frameworks */,
			);
			runOnlyForDeploymentPostprocessing = 0;
		};
		6A32C01D2AFEC34300DAAAFB /* Frameworks */ = {
			isa = PBXFrameworksBuildPhase;
			buildActionMask = 2147483647;
			files = (
				6A32C0242AFEC34300DAAAFB /* EssentialFeed.framework in Frameworks */,
			);
			runOnlyForDeploymentPostprocessing = 0;
		};
		6A7318872B35F10000C50435 /* Frameworks */ = {
			isa = PBXFrameworksBuildPhase;
			buildActionMask = 2147483647;
			files = (
				6A73188E2B35F10000C50435 /* EssentialFeed.framework in Frameworks */,
			);
			runOnlyForDeploymentPostprocessing = 0;
		};
/* End PBXFrameworksBuildPhase section */

/* Begin PBXGroup section */
		6A09F14C2B45EADC00DC7C99 /* Feed Image Loader */ = {
			isa = PBXGroup;
			children = (
			);
			path = "Feed Image Loader";
			sourceTree = "<group>";
		};
		6A09F14D2B45EB3000DC7C99 /* Feed UI */ = {
			isa = PBXGroup;
			children = (
				6A09F1682B4700E500DC7C99 /* Composers */,
				6A09F14F2B45EB4300DC7C99 /* Controllers */,
				6A09F14E2B45EB3A00DC7C99 /* Views */,
			);
			path = "Feed UI";
			sourceTree = "<group>";
		};
		6A09F14E2B45EB3A00DC7C99 /* Views */ = {
			isa = PBXGroup;
			children = (
				6A7019EC2B5BF3FA0067C399 /* Helpers */,
				6A2409F52B418A1800CA36B8 /* FeedImageCell.swift */,
				6AC6005E2B53FB090029FF6D /* Feed.storyboard */,
				6AC600602B53FC010029FF6D /* Feed.xcassets */,
				6A7019EA2B5BE4DF0067C399 /* ErrorView.swift */,
			);
			path = Views;
			sourceTree = "<group>";
		};
		6A09F14F2B45EB4300DC7C99 /* Controllers */ = {
			isa = PBXGroup;
			children = (
				6A2409F32B4093AA00CA36B8 /* FeedViewController.swift */,
				6A09F1662B45FD8900DC7C99 /* FeedImageCellController.swift */,
			);
			path = Controllers;
			sourceTree = "<group>";
		};
		6A09F1562B45F03A00DC7C99 /* Helpers */ = {
			isa = PBXGroup;
			children = (
				6A09F15D2B45F25800DC7C99 /* FeedImageCell+TestHelpers.swift */,
				6A09F15B2B45F18E00DC7C99 /* FeedViewController+TestHelpers.swift */,
				6A09F15F2B45F2B900DC7C99 /* FeedViewControllerTests+LoaderSpy.swift */,
				6A09F1622B45F3A900DC7C99 /* FeedViewControllerTests+Assertions.swift */,
				6A7BD7102B55BC480022B8A1 /* FeedViewControllerTests+Localization.swift */,
				6A09F1502B45EF4600DC7C99 /* UIImage+TestHelpers.swift */,
				6A09F1522B45EF9C00DC7C99 /* UIRefreshControl+TestHelpers.swift */,
				6A09F1542B45EFF700DC7C99 /* UIButton+TestHelpers.swift */,
				6A09F1592B45F0CB00DC7C99 /* UIControl+TestHelpers.swift */,
			);
			path = Helpers;
			sourceTree = "<group>";
		};
		6A09F1572B45F07F00DC7C99 /* Feed UI */ = {
			isa = PBXGroup;
			children = (
				6A09F1562B45F03A00DC7C99 /* Helpers */,
				6A2409E72B407CDB00CA36B8 /* FeedUIIntegrationTests.swift */,
			);
			path = "Feed UI";
			sourceTree = "<group>";
		};
		6A09F1682B4700E500DC7C99 /* Composers */ = {
			isa = PBXGroup;
			children = (
				6A09F1692B4700F600DC7C99 /* FeedUIComposer.swift */,
				6A7BD71A2B5720EC0022B8A1 /* MainQueueDispatchDecorator.swift */,
				6A7BD71C2B5721560022B8A1 /* WeakRefVirtualProxy.swift */,
				6A7BD71E2B5721CE0022B8A1 /* FeedImageDataLoaderPresentationAdapter.swift */,
				6A7BD7202B57220A0022B8A1 /* FeedLoaderPresentationAdapter.swift */,
				6A7BD7222B57224E0022B8A1 /* FeedViewAdapter.swift */,
			);
			path = Composers;
			sourceTree = "<group>";
		};
		6A116A902B00DC4000112095 /* Feed Cache */ = {
			isa = PBXGroup;
			children = (
				6A8321ED2B08E65000E5E3D3 /* Helpers */,
				6A116A912B00DC5F00112095 /* CacheFeedUseCase.swift */,
				6A8321EB2B08E53C00E5E3D3 /* LoadFeedFromCacheUseCaseTests.swift */,
				6AB0A6B72B0A178B00A2FB3A /* ValidateFeedCacheUseCaseTests.swift */,
				6A73186E2B321EA000C50435 /* CoreDataFeedStoreTests.swift */,
				6ABFD7E62B13CFDA00A40C61 /* XCTest+FeedStoreSpecs.swift */,
				6ABFD7E42B13CEE900A40C61 /* FeedStoreSpecs.swift */,
				6A74FEBB2B80FDDE0086CA27 /* LocalFeedImageDataFromCacheUseCaseTests.swift */,
			);
			path = "Feed Cache";
			sourceTree = "<group>";
		};
		6A2409D22B3DF96E00CA36B8 /* EssentialFeediOS */ = {
			isa = PBXGroup;
			children = (
				6A09F14C2B45EADC00DC7C99 /* Feed Image Loader */,
				6A09F14D2B45EB3000DC7C99 /* Feed UI */,
			);
			path = EssentialFeediOS;
			sourceTree = "<group>";
		};
		6A2409DC2B3DF96E00CA36B8 /* EssentialFeediOSTests */ = {
			isa = PBXGroup;
			children = (
				6A09F1572B45F07F00DC7C99 /* Feed UI */,
			);
			path = EssentialFeediOSTests;
			sourceTree = "<group>";
		};
		6A2409EB2B4081A900CA36B8 /* Frameworks */ = {
			isa = PBXGroup;
			children = (
			);
			name = Frameworks;
			sourceTree = "<group>";
		};
		6A321C442ADACEB000E1A0DB = {
			isa = PBXGroup;
			children = (
				6A2409EA2B407E5600CA36B8 /* EssentialFeediOS.xctestplan */,
				6A2409E62B3DFA7600CA36B8 /* CI_iOS.xctestplan */,
				6A225A3E2B3CBE2000112DCE /* EssentialFeedAPIEndToEndTests.xctestplan */,
				6A7318942B35F16F00C50435 /* EssentialFeedCacheIntegrationTests.xctestplan */,
				6A2C567B2AFFAC8A0024B767 /* CI_macOS.xctestplan */,
				6A32C01B2AFEBB9F00DAAAFB /* EssentialFeed.xctestplan */,
				6A321C502ADACEB000E1A0DB /* EssentialFeed */,
				6A321C5A2ADACEB000E1A0DB /* EssentialFeedTests */,
				6A32C0212AFEC34300DAAAFB /* EssentialFeedAPIEndToEndTests */,
				6A73188B2B35F10000C50435 /* EssentialFeedCacheIntegrationTests */,
				6A2409D22B3DF96E00CA36B8 /* EssentialFeediOS */,
				6A2409DC2B3DF96E00CA36B8 /* EssentialFeediOSTests */,
				6A321C4F2ADACEB000E1A0DB /* Products */,
				6A2409EB2B4081A900CA36B8 /* Frameworks */,
			);
			sourceTree = "<group>";
		};
		6A321C4F2ADACEB000E1A0DB /* Products */ = {
			isa = PBXGroup;
			children = (
				6A321C4E2ADACEB000E1A0DB /* EssentialFeed.framework */,
				6A321C562ADACEB000E1A0DB /* EssentialFeedTests.xctest */,
				6A32C0202AFEC34300DAAAFB /* EssentialFeedAPIEndToEndTests.xctest */,
				6A73188A2B35F10000C50435 /* EssentialFeedCacheIntegrationTests.xctest */,
				6A2409D12B3DF96E00CA36B8 /* EssentialFeediOS.framework */,
				6A2409D82B3DF96E00CA36B8 /* EssentialFeediOSTests.xctest */,
			);
			name = Products;
			sourceTree = "<group>";
		};
		6A321C502ADACEB000E1A0DB /* EssentialFeed */ = {
			isa = PBXGroup;
			children = (
				6A8321E22B029D4600E5E3D3 /* Feed Cache */,
				6A321C6A2ADAD68700E1A0DB /* Feed Feature */,
				6A5D0AF92AED2E7100093086 /* Feed API */,
				6A3265A32B5D68F000266717 /* Feed Presentation */,
			);
			path = EssentialFeed;
			sourceTree = "<group>";
		};
		6A321C5A2ADACEB000E1A0DB /* EssentialFeedTests */ = {
			isa = PBXGroup;
			children = (
				6A56A9752AF7B0A3002321AB /* Helpers */,
				6A116A902B00DC4000112095 /* Feed Cache */,
				6AF7B46A2AF6523700F8FA61 /* Feed API */,
				6A7BD7242B5BD8150022B8A1 /* Feed Presentation */,
			);
			path = EssentialFeedTests;
			sourceTree = "<group>";
		};
		6A321C6A2ADAD68700E1A0DB /* Feed Feature */ = {
			isa = PBXGroup;
			children = (
				6A321C662ADACED700E1A0DB /* FeedImage.swift */,
				6A321C682ADAD3F500E1A0DB /* FeedLoader.swift */,
				6A09F14A2B45EABB00DC7C99 /* FeedImageLoader.swift */,
			);
			path = "Feed Feature";
			sourceTree = "<group>";
		};
		6A3265A32B5D68F000266717 /* Feed Presentation */ = {
			isa = PBXGroup;
			children = (
				6A3265B02B5DAB0500266717 /* FeedImagePresenter.swift */,
				6A3265B22B5DAC0F00266717 /* FeedImageViewModel.swift */,
				6A3265A42B5D693700266717 /* FeedPresenter.swift */,
				6A3265A72B5D6A6600266717 /* FeedViewModel.swift */,
				6A3265A92B5D6B0700266717 /* FeedLoadingViewModel.swift */,
				6A3265AB2B5D6B4900266717 /* FeedErrorViewModel.swift */,
				6A3265A02B5D52CB00266717 /* Feed.strings */,
			);
			path = "Feed Presentation";
			sourceTree = "<group>";
		};
		6A32C0212AFEC34300DAAAFB /* EssentialFeedAPIEndToEndTests */ = {
			isa = PBXGroup;
			children = (
				6A32C0222AFEC34300DAAAFB /* EssentialFeedAPIEndToEndTests.swift */,
			);
			path = EssentialFeedAPIEndToEndTests;
			sourceTree = "<group>";
		};
		6A56A9752AF7B0A3002321AB /* Helpers */ = {
			isa = PBXGroup;
			children = (
				6A56A9762AF7B0B8002321AB /* XCTestCase+MemoryLeakTracking.swift */,
				6AB62DAB2B0A1D9B00E39B53 /* SharedTestHelpers.swift */,
			);
			path = Helpers;
			sourceTree = "<group>";
		};
		6A5D0AF92AED2E7100093086 /* Feed API */ = {
			isa = PBXGroup;
			children = (
				6A74FEB62B80B3C30086CA27 /* Helpers */,
				6A5D0AFA2AED2E9600093086 /* RemoteFeedLoader.swift */,
				6A983F6D2AF648920006967C /* HTTPClient.swift */,
				6A983F6F2AF649320006967C /* FeedItemsMapper.swift */,
				6A77FE3A2AF7E371008E6F5F /* URLSessionHTTPClient.swift */,
				6A8321E72B08D6DD00E5E3D3 /* RemoteFeedItem.swift */,
				6A74FEB42B80A98A0086CA27 /* RemoteFeedImageDataLoader.swift */,
			);
			path = "Feed API";
			sourceTree = "<group>";
		};
		6A7019EC2B5BF3FA0067C399 /* Helpers */ = {
			isa = PBXGroup;
			children = (
				6A5CFCEC2B5413C6004FC3D7 /* UIImageView+Animations.swift */,
				6A5CFCEA2B541283004FC3D7 /* UITableView+Dequeueing.swift */,
				6AF06C992B41B4210034FA73 /* UIView+Shimmering.swift */,
				6A7019EF2B5D0E330067C399 /* UIRefreshControl+Helpers.swift */,
			);
			path = Helpers;
			sourceTree = "<group>";
		};
		6A73187D2B33026500C50435 /* Infrastructure */ = {
			isa = PBXGroup;
			children = (
				6A73187E2B3302EF00C50435 /* CoreData */,
			);
			path = Infrastructure;
			sourceTree = "<group>";
		};
		6A73187E2B3302EF00C50435 /* CoreData */ = {
			isa = PBXGroup;
			children = (
				6A7318702B321F7900C50435 /* CoreDataFeedStore.swift */,
				6A7318822B33049500C50435 /* ManagedCache.swift */,
				6A7318842B3304D900C50435 /* ManagedFeedImage.swift */,
				6A7318802B3303B100C50435 /* CoreDataHelpers.swift */,
				6A7318722B32235A00C50435 /* FeedStore.xcdatamodeld */,
			);
			path = CoreData;
			sourceTree = "<group>";
		};
		6A73188B2B35F10000C50435 /* EssentialFeedCacheIntegrationTests */ = {
			isa = PBXGroup;
			children = (
				6A73188C2B35F10000C50435 /* EssentialFeedCacheIntegrationTests.swift */,
			);
			path = EssentialFeedCacheIntegrationTests;
			sourceTree = "<group>";
		};
		6A74FEB12B80A8680086CA27 /* Helpers */ = {
			isa = PBXGroup;
			children = (
				6A74FEB22B80A8910086CA27 /* HTTPClientSpy.swift */,
				6A74FEB92B80B5190086CA27 /* URLProtocolStub.swift */,
			);
			path = Helpers;
			sourceTree = "<group>";
		};
		6A74FEB62B80B3C30086CA27 /* Helpers */ = {
			isa = PBXGroup;
			children = (
				6A74FEB72B80B3DA0086CA27 /* HTTPURLResponse+StatusCode.swift */,
			);
			path = Helpers;
			sourceTree = "<group>";
		};
		6A7BD7242B5BD8150022B8A1 /* Feed Presentation */ = {
			isa = PBXGroup;
			children = (
				6A7BD7182B55C0C60022B8A1 /* FeedLocalizationTests.swift */,
				6A7BD7252B5BD83E0022B8A1 /* FeedPresenterTests.swift */,
				6A3265AE2B5D939400266717 /* FeedImagePresenterTests.swift */,
			);
			path = "Feed Presentation";
			sourceTree = "<group>";
		};
		6A8321E22B029D4600E5E3D3 /* Feed Cache */ = {
			isa = PBXGroup;
			children = (
				6A13FEEA2B947D5E007F3BD0 /* LocalFeedImageDataLoader.swift */,
				6A8321E32B029D5700E5E3D3 /* LocalFeedLoader.swift */,
				6A8321E52B029E1900E5E3D3 /* FeedStore.swift */,
				6A8321E92B08D72100E5E3D3 /* LocalFeedImage.swift */,
				6A3372CC2B0A2B1C00D406CA /* FeedCachePolicy.swift */,
				6A13FEEC2B947DF4007F3BD0 /* FeedImageDataStore.swift */,
				6A73187D2B33026500C50435 /* Infrastructure */,
			);
			path = "Feed Cache";
			sourceTree = "<group>";
		};
		6A8321ED2B08E65000E5E3D3 /* Helpers */ = {
			isa = PBXGroup;
			children = (
				6A8321EE2B08E65F00E5E3D3 /* FeedStoreSpy.swift */,
				6AB62DA92B0A1C9300E39B53 /* FeedCacheTestHelpers.swift */,
			);
			path = Helpers;
			sourceTree = "<group>";
		};
		6AF7B46A2AF6523700F8FA61 /* Feed API */ = {
			isa = PBXGroup;
			children = (
				6A74FEB12B80A8680086CA27 /* Helpers */,
				6A321C6B2ADBE5D200E1A0DB /* LoadFeedFromRemoteUseCaseTests.swift */,
				6AF7B46B2AF6957E00F8FA61 /* URLSessionHTTPClientTests.swift */,
				6A3265B52B66CFAE00266717 /* LoadFeedImageDataFromRemoteUseCaseTests.swift */,
			);
			path = "Feed API";
			sourceTree = "<group>";
		};
/* End PBXGroup section */

/* Begin PBXHeadersBuildPhase section */
		6A2409CC2B3DF96E00CA36B8 /* Headers */ = {
			isa = PBXHeadersBuildPhase;
			buildActionMask = 2147483647;
			files = (
			);
			runOnlyForDeploymentPostprocessing = 0;
		};
		6A321C492ADACEB000E1A0DB /* Headers */ = {
			isa = PBXHeadersBuildPhase;
			buildActionMask = 2147483647;
			files = (
			);
			runOnlyForDeploymentPostprocessing = 0;
		};
/* End PBXHeadersBuildPhase section */

/* Begin PBXNativeTarget section */
		6A2409D02B3DF96E00CA36B8 /* EssentialFeediOS */ = {
			isa = PBXNativeTarget;
			buildConfigurationList = 6A2409E02B3DF96E00CA36B8 /* Build configuration list for PBXNativeTarget "EssentialFeediOS" */;
			buildPhases = (
				6A2409CC2B3DF96E00CA36B8 /* Headers */,
				6A2409CD2B3DF96E00CA36B8 /* Sources */,
				6A2409CE2B3DF96E00CA36B8 /* Frameworks */,
				6A2409CF2B3DF96E00CA36B8 /* Resources */,
			);
			buildRules = (
			);
			dependencies = (
			);
			name = EssentialFeediOS;
			productName = EssentialFeediOS;
			productReference = 6A2409D12B3DF96E00CA36B8 /* EssentialFeediOS.framework */;
			productType = "com.apple.product-type.framework";
		};
		6A2409D72B3DF96E00CA36B8 /* EssentialFeediOSTests */ = {
			isa = PBXNativeTarget;
			buildConfigurationList = 6A2409E32B3DF96E00CA36B8 /* Build configuration list for PBXNativeTarget "EssentialFeediOSTests" */;
			buildPhases = (
				6A2409D42B3DF96E00CA36B8 /* Sources */,
				6A2409D52B3DF96E00CA36B8 /* Frameworks */,
				6A2409D62B3DF96E00CA36B8 /* Resources */,
			);
			buildRules = (
			);
			dependencies = (
				6A2409DB2B3DF96E00CA36B8 /* PBXTargetDependency */,
			);
			name = EssentialFeediOSTests;
			productName = EssentialFeediOSTests;
			productReference = 6A2409D82B3DF96E00CA36B8 /* EssentialFeediOSTests.xctest */;
			productType = "com.apple.product-type.bundle.unit-test";
		};
		6A321C4D2ADACEB000E1A0DB /* EssentialFeed */ = {
			isa = PBXNativeTarget;
			buildConfigurationList = 6A321C602ADACEB000E1A0DB /* Build configuration list for PBXNativeTarget "EssentialFeed" */;
			buildPhases = (
				6A321C492ADACEB000E1A0DB /* Headers */,
				6A321C4A2ADACEB000E1A0DB /* Sources */,
				6A321C4B2ADACEB000E1A0DB /* Frameworks */,
				6A321C4C2ADACEB000E1A0DB /* Resources */,
			);
			buildRules = (
			);
			dependencies = (
			);
			name = EssentialFeed;
			productName = EssentialFeed;
			productReference = 6A321C4E2ADACEB000E1A0DB /* EssentialFeed.framework */;
			productType = "com.apple.product-type.framework";
		};
		6A321C552ADACEB000E1A0DB /* EssentialFeedTests */ = {
			isa = PBXNativeTarget;
			buildConfigurationList = 6A321C632ADACEB000E1A0DB /* Build configuration list for PBXNativeTarget "EssentialFeedTests" */;
			buildPhases = (
				6A321C522ADACEB000E1A0DB /* Sources */,
				6A321C532ADACEB000E1A0DB /* Frameworks */,
				6A321C542ADACEB000E1A0DB /* Resources */,
			);
			buildRules = (
			);
			dependencies = (
				6A321C592ADACEB000E1A0DB /* PBXTargetDependency */,
			);
			name = EssentialFeedTests;
			productName = EssentialFeedTests;
			productReference = 6A321C562ADACEB000E1A0DB /* EssentialFeedTests.xctest */;
			productType = "com.apple.product-type.bundle.unit-test";
		};
		6A32C01F2AFEC34300DAAAFB /* EssentialFeedAPIEndToEndTests */ = {
			isa = PBXNativeTarget;
			buildConfigurationList = 6A32C0272AFEC34300DAAAFB /* Build configuration list for PBXNativeTarget "EssentialFeedAPIEndToEndTests" */;
			buildPhases = (
				6A32C01C2AFEC34300DAAAFB /* Sources */,
				6A32C01D2AFEC34300DAAAFB /* Frameworks */,
				6A32C01E2AFEC34300DAAAFB /* Resources */,
			);
			buildRules = (
			);
			dependencies = (
				6A32C0262AFEC34300DAAAFB /* PBXTargetDependency */,
			);
			name = EssentialFeedAPIEndToEndTests;
			productName = EssentialFeedAPIEndToEndTests;
			productReference = 6A32C0202AFEC34300DAAAFB /* EssentialFeedAPIEndToEndTests.xctest */;
			productType = "com.apple.product-type.bundle.unit-test";
		};
		6A7318892B35F10000C50435 /* EssentialFeedCacheIntegrationTests */ = {
			isa = PBXNativeTarget;
			buildConfigurationList = 6A7318912B35F10000C50435 /* Build configuration list for PBXNativeTarget "EssentialFeedCacheIntegrationTests" */;
			buildPhases = (
				6A7318862B35F10000C50435 /* Sources */,
				6A7318872B35F10000C50435 /* Frameworks */,
				6A7318882B35F10000C50435 /* Resources */,
			);
			buildRules = (
			);
			dependencies = (
				6A7318902B35F10000C50435 /* PBXTargetDependency */,
			);
			name = EssentialFeedCacheIntegrationTests;
			productName = EssentialFeedCacheIntegrationTests;
			productReference = 6A73188A2B35F10000C50435 /* EssentialFeedCacheIntegrationTests.xctest */;
			productType = "com.apple.product-type.bundle.unit-test";
		};
/* End PBXNativeTarget section */

/* Begin PBXProject section */
		6A321C452ADACEB000E1A0DB /* Project object */ = {
			isa = PBXProject;
			attributes = {
				BuildIndependentTargetsInParallel = 1;
				LastSwiftUpdateCheck = 1430;
				LastUpgradeCheck = 1430;
				TargetAttributes = {
					6A2409D02B3DF96E00CA36B8 = {
						CreatedOnToolsVersion = 14.3;
						LastSwiftMigration = 1430;
					};
					6A2409D72B3DF96E00CA36B8 = {
						CreatedOnToolsVersion = 14.3;
					};
					6A321C4D2ADACEB000E1A0DB = {
						CreatedOnToolsVersion = 14.3;
						LastSwiftMigration = 1430;
					};
					6A321C552ADACEB000E1A0DB = {
						CreatedOnToolsVersion = 14.3;
					};
					6A32C01F2AFEC34300DAAAFB = {
						CreatedOnToolsVersion = 14.3;
					};
					6A7318892B35F10000C50435 = {
						CreatedOnToolsVersion = 14.3;
					};
				};
			};
			buildConfigurationList = 6A321C482ADACEB000E1A0DB /* Build configuration list for PBXProject "EssentialFeed" */;
			compatibilityVersion = "Xcode 14.0";
			developmentRegion = en;
			hasScannedForEncodings = 0;
			knownRegions = (
				en,
				Base,
				"pt-BR",
				el,
			);
			mainGroup = 6A321C442ADACEB000E1A0DB;
			productRefGroup = 6A321C4F2ADACEB000E1A0DB /* Products */;
			projectDirPath = "";
			projectRoot = "";
			targets = (
				6A321C4D2ADACEB000E1A0DB /* EssentialFeed */,
				6A321C552ADACEB000E1A0DB /* EssentialFeedTests */,
				6A32C01F2AFEC34300DAAAFB /* EssentialFeedAPIEndToEndTests */,
				6A7318892B35F10000C50435 /* EssentialFeedCacheIntegrationTests */,
				6A2409D02B3DF96E00CA36B8 /* EssentialFeediOS */,
				6A2409D72B3DF96E00CA36B8 /* EssentialFeediOSTests */,
			);
		};
/* End PBXProject section */

/* Begin PBXResourcesBuildPhase section */
		6A2409CF2B3DF96E00CA36B8 /* Resources */ = {
			isa = PBXResourcesBuildPhase;
			buildActionMask = 2147483647;
			files = (
				6AC6005F2B53FB090029FF6D /* Feed.storyboard in Resources */,
				6AC600612B53FC010029FF6D /* Feed.xcassets in Resources */,
			);
			runOnlyForDeploymentPostprocessing = 0;
		};
		6A2409D62B3DF96E00CA36B8 /* Resources */ = {
			isa = PBXResourcesBuildPhase;
			buildActionMask = 2147483647;
			files = (
			);
			runOnlyForDeploymentPostprocessing = 0;
		};
		6A321C4C2ADACEB000E1A0DB /* Resources */ = {
			isa = PBXResourcesBuildPhase;
			buildActionMask = 2147483647;
			files = (
				6A3265A62B5D69F400266717 /* Feed.strings in Resources */,
			);
			runOnlyForDeploymentPostprocessing = 0;
		};
		6A321C542ADACEB000E1A0DB /* Resources */ = {
			isa = PBXResourcesBuildPhase;
			buildActionMask = 2147483647;
			files = (
			);
			runOnlyForDeploymentPostprocessing = 0;
		};
		6A32C01E2AFEC34300DAAAFB /* Resources */ = {
			isa = PBXResourcesBuildPhase;
			buildActionMask = 2147483647;
			files = (
			);
			runOnlyForDeploymentPostprocessing = 0;
		};
		6A7318882B35F10000C50435 /* Resources */ = {
			isa = PBXResourcesBuildPhase;
			buildActionMask = 2147483647;
			files = (
			);
			runOnlyForDeploymentPostprocessing = 0;
		};
/* End PBXResourcesBuildPhase section */

/* Begin PBXSourcesBuildPhase section */
		6A2409CD2B3DF96E00CA36B8 /* Sources */ = {
			isa = PBXSourcesBuildPhase;
			buildActionMask = 2147483647;
			files = (
				6AF06C9A2B41B4210034FA73 /* UIView+Shimmering.swift in Sources */,
				6A7019EB2B5BE4DF0067C399 /* ErrorView.swift in Sources */,
				6A7019F02B5D0E330067C399 /* UIRefreshControl+Helpers.swift in Sources */,
				6A2409F42B4093AA00CA36B8 /* FeedViewController.swift in Sources */,
				6A5CFCEB2B541283004FC3D7 /* UITableView+Dequeueing.swift in Sources */,
				6A7BD7212B57220A0022B8A1 /* FeedLoaderPresentationAdapter.swift in Sources */,
				6A7BD71D2B5721560022B8A1 /* WeakRefVirtualProxy.swift in Sources */,
				6A5CFCED2B5413C6004FC3D7 /* UIImageView+Animations.swift in Sources */,
				6A7BD71B2B5720EC0022B8A1 /* MainQueueDispatchDecorator.swift in Sources */,
				6A2409F62B418A1800CA36B8 /* FeedImageCell.swift in Sources */,
				6A7BD71F2B5721CE0022B8A1 /* FeedImageDataLoaderPresentationAdapter.swift in Sources */,
				6A09F1672B45FD8900DC7C99 /* FeedImageCellController.swift in Sources */,
				6A7BD7232B57224E0022B8A1 /* FeedViewAdapter.swift in Sources */,
				6A09F16A2B4700F600DC7C99 /* FeedUIComposer.swift in Sources */,
			);
			runOnlyForDeploymentPostprocessing = 0;
		};
		6A2409D42B3DF96E00CA36B8 /* Sources */ = {
			isa = PBXSourcesBuildPhase;
			buildActionMask = 2147483647;
			files = (
				6A2409E82B407CDB00CA36B8 /* FeedUIIntegrationTests.swift in Sources */,
				6A09F1632B45F3A900DC7C99 /* FeedViewControllerTests+Assertions.swift in Sources */,
				6A09F1602B45F2B900DC7C99 /* FeedViewControllerTests+LoaderSpy.swift in Sources */,
				6A09F1552B45EFF700DC7C99 /* UIButton+TestHelpers.swift in Sources */,
				6A09F1532B45EF9C00DC7C99 /* UIRefreshControl+TestHelpers.swift in Sources */,
				6A09F15A2B45F0CB00DC7C99 /* UIControl+TestHelpers.swift in Sources */,
				6A09F15C2B45F18E00DC7C99 /* FeedViewController+TestHelpers.swift in Sources */,
				6A2409F22B40838A00CA36B8 /* XCTestCase+MemoryLeakTracking.swift in Sources */,
				6A09F1512B45EF4600DC7C99 /* UIImage+TestHelpers.swift in Sources */,
				6A09F15E2B45F25800DC7C99 /* FeedImageCell+TestHelpers.swift in Sources */,
				6A7BD7112B55BC480022B8A1 /* FeedViewControllerTests+Localization.swift in Sources */,
			);
			runOnlyForDeploymentPostprocessing = 0;
		};
		6A321C4A2ADACEB000E1A0DB /* Sources */ = {
			isa = PBXSourcesBuildPhase;
			buildActionMask = 2147483647;
			files = (
				6A13FEEB2B947D5E007F3BD0 /* LocalFeedImageDataLoader.swift in Sources */,
				6A3265B42B66CE2F00266717 /* FeedImageLoader.swift in Sources */,
				6A7318812B3303B100C50435 /* CoreDataHelpers.swift in Sources */,
				6A983F702AF649320006967C /* FeedItemsMapper.swift in Sources */,
				6A321C692ADAD3F500E1A0DB /* FeedLoader.swift in Sources */,
				6A8321E82B08D6DD00E5E3D3 /* RemoteFeedItem.swift in Sources */,
				6A3265B32B5DAC0F00266717 /* FeedImageViewModel.swift in Sources */,
				6A74FEB52B80A98A0086CA27 /* RemoteFeedImageDataLoader.swift in Sources */,
				6A3372CD2B0A2B1C00D406CA /* FeedCachePolicy.swift in Sources */,
				6A5D0AFB2AED2E9600093086 /* RemoteFeedLoader.swift in Sources */,
				6A7318742B32235A00C50435 /* FeedStore.xcdatamodeld in Sources */,
				6A8321EA2B08D72100E5E3D3 /* LocalFeedImage.swift in Sources */,
				6A3265A82B5D6A6600266717 /* FeedViewModel.swift in Sources */,
				6A8321E62B029E1900E5E3D3 /* FeedStore.swift in Sources */,
				6A8321E42B029D5700E5E3D3 /* LocalFeedLoader.swift in Sources */,
				6A983F6E2AF648920006967C /* HTTPClient.swift in Sources */,
				6A13FEED2B947DF4007F3BD0 /* FeedImageDataStore.swift in Sources */,
				6A321C672ADACED700E1A0DB /* FeedImage.swift in Sources */,
				6A3265A52B5D693700266717 /* FeedPresenter.swift in Sources */,
				6A74FEB82B80B3DA0086CA27 /* HTTPURLResponse+StatusCode.swift in Sources */,
				6A77FE3B2AF7E371008E6F5F /* URLSessionHTTPClient.swift in Sources */,
				6A7318832B33049500C50435 /* ManagedCache.swift in Sources */,
				6A7318712B321F7900C50435 /* CoreDataFeedStore.swift in Sources */,
				6A3265AC2B5D6B4900266717 /* FeedErrorViewModel.swift in Sources */,
				6A3265AA2B5D6B0700266717 /* FeedLoadingViewModel.swift in Sources */,
				6A3265B12B5DAB0500266717 /* FeedImagePresenter.swift in Sources */,
				6A7318852B3304D900C50435 /* ManagedFeedImage.swift in Sources */,
			);
			runOnlyForDeploymentPostprocessing = 0;
		};
		6A321C522ADACEB000E1A0DB /* Sources */ = {
			isa = PBXSourcesBuildPhase;
			buildActionMask = 2147483647;
			files = (
				6A7BD7262B5BD83E0022B8A1 /* FeedPresenterTests.swift in Sources */,
				6A74FEBC2B80FDDE0086CA27 /* LocalFeedImageDataFromCacheUseCaseTests.swift in Sources */,
				6A74FEB32B80A8910086CA27 /* HTTPClientSpy.swift in Sources */,
				6A73186F2B321EA000C50435 /* CoreDataFeedStoreTests.swift in Sources */,
				6AB62DAA2B0A1C9300E39B53 /* FeedCacheTestHelpers.swift in Sources */,
				6AB0A6B82B0A178B00A2FB3A /* ValidateFeedCacheUseCaseTests.swift in Sources */,
				6A3265AD2B5D6DFA00266717 /* FeedLocalizationTests.swift in Sources */,
				6ABFD7E72B13CFDA00A40C61 /* XCTest+FeedStoreSpecs.swift in Sources */,
				6A3265B62B66CFAE00266717 /* LoadFeedImageDataFromRemoteUseCaseTests.swift in Sources */,
				6A321C6C2ADBE5D200E1A0DB /* LoadFeedFromRemoteUseCaseTests.swift in Sources */,
				6A3265AF2B5D939400266717 /* FeedImagePresenterTests.swift in Sources */,
				6AF7B46C2AF6957E00F8FA61 /* URLSessionHTTPClientTests.swift in Sources */,
				6A8321EF2B08E65F00E5E3D3 /* FeedStoreSpy.swift in Sources */,
				6AB62DAC2B0A1D9B00E39B53 /* SharedTestHelpers.swift in Sources */,
				6A74FEBA2B80B5190086CA27 /* URLProtocolStub.swift in Sources */,
				6A116A922B00DC5F00112095 /* CacheFeedUseCase.swift in Sources */,
				6A8321EC2B08E53C00E5E3D3 /* LoadFeedFromCacheUseCaseTests.swift in Sources */,
				6ABFD7E52B13CEE900A40C61 /* FeedStoreSpecs.swift in Sources */,
				6A56A9772AF7B0B8002321AB /* XCTestCase+MemoryLeakTracking.swift in Sources */,
			);
			runOnlyForDeploymentPostprocessing = 0;
		};
		6A32C01C2AFEC34300DAAAFB /* Sources */ = {
			isa = PBXSourcesBuildPhase;
			buildActionMask = 2147483647;
			files = (
				6A32C0232AFEC34300DAAAFB /* EssentialFeedAPIEndToEndTests.swift in Sources */,
				6A32C02A2AFED57300DAAAFB /* XCTestCase+MemoryLeakTracking.swift in Sources */,
			);
			runOnlyForDeploymentPostprocessing = 0;
		};
		6A7318862B35F10000C50435 /* Sources */ = {
			isa = PBXSourcesBuildPhase;
			buildActionMask = 2147483647;
			files = (
				6A7318972B3769FE00C50435 /* SharedTestHelpers.swift in Sources */,
				6A73188D2B35F10000C50435 /* EssentialFeedCacheIntegrationTests.swift in Sources */,
				6A7318962B3769EE00C50435 /* FeedCacheTestHelpers.swift in Sources */,
				6A7318952B3766F500C50435 /* XCTestCase+MemoryLeakTracking.swift in Sources */,
			);
			runOnlyForDeploymentPostprocessing = 0;
		};
/* End PBXSourcesBuildPhase section */

/* Begin PBXTargetDependency section */
		6A2409DB2B3DF96E00CA36B8 /* PBXTargetDependency */ = {
			isa = PBXTargetDependency;
			target = 6A2409D02B3DF96E00CA36B8 /* EssentialFeediOS */;
			targetProxy = 6A2409DA2B3DF96E00CA36B8 /* PBXContainerItemProxy */;
		};
		6A321C592ADACEB000E1A0DB /* PBXTargetDependency */ = {
			isa = PBXTargetDependency;
			target = 6A321C4D2ADACEB000E1A0DB /* EssentialFeed */;
			targetProxy = 6A321C582ADACEB000E1A0DB /* PBXContainerItemProxy */;
		};
		6A32C0262AFEC34300DAAAFB /* PBXTargetDependency */ = {
			isa = PBXTargetDependency;
			target = 6A321C4D2ADACEB000E1A0DB /* EssentialFeed */;
			targetProxy = 6A32C0252AFEC34300DAAAFB /* PBXContainerItemProxy */;
		};
		6A7318902B35F10000C50435 /* PBXTargetDependency */ = {
			isa = PBXTargetDependency;
			target = 6A321C4D2ADACEB000E1A0DB /* EssentialFeed */;
			targetProxy = 6A73188F2B35F10000C50435 /* PBXContainerItemProxy */;
		};
/* End PBXTargetDependency section */

/* Begin PBXVariantGroup section */
		6A3265A02B5D52CB00266717 /* Feed.strings */ = {
			isa = PBXVariantGroup;
			children = (
				6A32659F2B5D52CB00266717 /* en */,
				6A3265A12B5D52CD00266717 /* el */,
				6A3265A22B5D52CE00266717 /* pt-BR */,
			);
			name = Feed.strings;
			sourceTree = "<group>";
		};
/* End PBXVariantGroup section */

/* Begin XCBuildConfiguration section */
		6A2409E12B3DF96E00CA36B8 /* Debug */ = {
			isa = XCBuildConfiguration;
			buildSettings = {
				CLANG_ENABLE_MODULES = YES;
				CODE_SIGN_STYLE = Automatic;
				CURRENT_PROJECT_VERSION = 1;
				DEFINES_MODULE = YES;
				DEVELOPMENT_TEAM = 5TUA6QYFHS;
				DYLIB_COMPATIBILITY_VERSION = 1;
				DYLIB_CURRENT_VERSION = 1;
				DYLIB_INSTALL_NAME_BASE = "@rpath";
				ENABLE_MODULE_VERIFIER = YES;
				GENERATE_INFOPLIST_FILE = YES;
				INFOPLIST_KEY_NSHumanReadableCopyright = "";
				INSTALL_PATH = "$(LOCAL_LIBRARY_DIR)/Frameworks";
				IPHONEOS_DEPLOYMENT_TARGET = 16.0;
				LD_RUNPATH_SEARCH_PATHS = (
					"$(inherited)",
					"@executable_path/Frameworks",
					"@loader_path/Frameworks",
				);
				MARKETING_VERSION = 1.0;
				MODULE_VERIFIER_SUPPORTED_LANGUAGES = "objective-c objective-c++";
				MODULE_VERIFIER_SUPPORTED_LANGUAGE_STANDARDS = "gnu11 gnu++20";
				PRODUCT_BUNDLE_IDENTIFIER = com.altunog.EssentialFeediOS;
				PRODUCT_NAME = "$(TARGET_NAME:c99extidentifier)";
				SDKROOT = iphoneos;
				SKIP_INSTALL = YES;
				SUPPORTED_PLATFORMS = "iphoneos iphonesimulator";
				SUPPORTS_MACCATALYST = NO;
				SUPPORTS_MAC_DESIGNED_FOR_IPHONE_IPAD = NO;
				SWIFT_EMIT_LOC_STRINGS = YES;
				SWIFT_OPTIMIZATION_LEVEL = "-Onone";
				SWIFT_VERSION = 5.0;
				TARGETED_DEVICE_FAMILY = 1;
			};
			name = Debug;
		};
		6A2409E22B3DF96E00CA36B8 /* Release */ = {
			isa = XCBuildConfiguration;
			buildSettings = {
				CLANG_ENABLE_MODULES = YES;
				CODE_SIGN_STYLE = Automatic;
				CURRENT_PROJECT_VERSION = 1;
				DEFINES_MODULE = YES;
				DEVELOPMENT_TEAM = 5TUA6QYFHS;
				DYLIB_COMPATIBILITY_VERSION = 1;
				DYLIB_CURRENT_VERSION = 1;
				DYLIB_INSTALL_NAME_BASE = "@rpath";
				ENABLE_MODULE_VERIFIER = YES;
				GENERATE_INFOPLIST_FILE = YES;
				INFOPLIST_KEY_NSHumanReadableCopyright = "";
				INSTALL_PATH = "$(LOCAL_LIBRARY_DIR)/Frameworks";
				IPHONEOS_DEPLOYMENT_TARGET = 16.0;
				LD_RUNPATH_SEARCH_PATHS = (
					"$(inherited)",
					"@executable_path/Frameworks",
					"@loader_path/Frameworks",
				);
				MARKETING_VERSION = 1.0;
				MODULE_VERIFIER_SUPPORTED_LANGUAGES = "objective-c objective-c++";
				MODULE_VERIFIER_SUPPORTED_LANGUAGE_STANDARDS = "gnu11 gnu++20";
				PRODUCT_BUNDLE_IDENTIFIER = com.altunog.EssentialFeediOS;
				PRODUCT_NAME = "$(TARGET_NAME:c99extidentifier)";
				SDKROOT = iphoneos;
				SKIP_INSTALL = YES;
				SUPPORTED_PLATFORMS = "iphoneos iphonesimulator";
				SUPPORTS_MACCATALYST = NO;
				SUPPORTS_MAC_DESIGNED_FOR_IPHONE_IPAD = NO;
				SWIFT_EMIT_LOC_STRINGS = YES;
				SWIFT_VERSION = 5.0;
				TARGETED_DEVICE_FAMILY = 1;
				VALIDATE_PRODUCT = YES;
			};
			name = Release;
		};
		6A2409E42B3DF96E00CA36B8 /* Debug */ = {
			isa = XCBuildConfiguration;
			buildSettings = {
				ALWAYS_EMBED_SWIFT_STANDARD_LIBRARIES = YES;
				CODE_SIGN_STYLE = Automatic;
				CURRENT_PROJECT_VERSION = 1;
				DEVELOPMENT_TEAM = 5TUA6QYFHS;
				GENERATE_INFOPLIST_FILE = YES;
				IPHONEOS_DEPLOYMENT_TARGET = 16.0;
				MARKETING_VERSION = 1.0;
				PRODUCT_BUNDLE_IDENTIFIER = com.altunog.EssentialFeediOSTests;
				PRODUCT_NAME = "$(TARGET_NAME)";
				SDKROOT = iphoneos;
				SUPPORTED_PLATFORMS = "iphoneos iphonesimulator";
				SUPPORTS_MACCATALYST = NO;
				SUPPORTS_MAC_DESIGNED_FOR_IPHONE_IPAD = NO;
				SWIFT_EMIT_LOC_STRINGS = NO;
				SWIFT_VERSION = 5.0;
				TARGETED_DEVICE_FAMILY = 1;
			};
			name = Debug;
		};
		6A2409E52B3DF96E00CA36B8 /* Release */ = {
			isa = XCBuildConfiguration;
			buildSettings = {
				ALWAYS_EMBED_SWIFT_STANDARD_LIBRARIES = YES;
				CODE_SIGN_STYLE = Automatic;
				CURRENT_PROJECT_VERSION = 1;
				DEVELOPMENT_TEAM = 5TUA6QYFHS;
				GENERATE_INFOPLIST_FILE = YES;
				IPHONEOS_DEPLOYMENT_TARGET = 16.0;
				MARKETING_VERSION = 1.0;
				PRODUCT_BUNDLE_IDENTIFIER = com.altunog.EssentialFeediOSTests;
				PRODUCT_NAME = "$(TARGET_NAME)";
				SDKROOT = iphoneos;
				SUPPORTED_PLATFORMS = "iphoneos iphonesimulator";
				SUPPORTS_MACCATALYST = NO;
				SUPPORTS_MAC_DESIGNED_FOR_IPHONE_IPAD = NO;
				SWIFT_EMIT_LOC_STRINGS = NO;
				SWIFT_VERSION = 5.0;
				TARGETED_DEVICE_FAMILY = 1;
				VALIDATE_PRODUCT = YES;
			};
			name = Release;
		};
		6A321C5E2ADACEB000E1A0DB /* Debug */ = {
			isa = XCBuildConfiguration;
			buildSettings = {
				ALWAYS_SEARCH_USER_PATHS = NO;
				CLANG_ANALYZER_LOCALIZABILITY_NONLOCALIZED = YES;
				CLANG_ANALYZER_NONNULL = YES;
				CLANG_ANALYZER_NUMBER_OBJECT_CONVERSION = YES_AGGRESSIVE;
				CLANG_CXX_LANGUAGE_STANDARD = "gnu++20";
				CLANG_ENABLE_MODULES = YES;
				CLANG_ENABLE_OBJC_ARC = YES;
				CLANG_ENABLE_OBJC_WEAK = YES;
				CLANG_WARN_BLOCK_CAPTURE_AUTORELEASING = YES;
				CLANG_WARN_BOOL_CONVERSION = YES;
				CLANG_WARN_COMMA = YES;
				CLANG_WARN_CONSTANT_CONVERSION = YES;
				CLANG_WARN_DEPRECATED_OBJC_IMPLEMENTATIONS = YES;
				CLANG_WARN_DIRECT_OBJC_ISA_USAGE = YES_ERROR;
				CLANG_WARN_DOCUMENTATION_COMMENTS = YES;
				CLANG_WARN_EMPTY_BODY = YES;
				CLANG_WARN_ENUM_CONVERSION = YES;
				CLANG_WARN_INFINITE_RECURSION = YES;
				CLANG_WARN_INT_CONVERSION = YES;
				CLANG_WARN_NON_LITERAL_NULL_CONVERSION = YES;
				CLANG_WARN_OBJC_IMPLICIT_RETAIN_SELF = YES;
				CLANG_WARN_OBJC_LITERAL_CONVERSION = YES;
				CLANG_WARN_OBJC_ROOT_CLASS = YES_ERROR;
				CLANG_WARN_QUOTED_INCLUDE_IN_FRAMEWORK_HEADER = YES;
				CLANG_WARN_RANGE_LOOP_ANALYSIS = YES;
				CLANG_WARN_STRICT_PROTOTYPES = YES;
				CLANG_WARN_SUSPICIOUS_MOVE = YES;
				CLANG_WARN_UNGUARDED_AVAILABILITY = YES_AGGRESSIVE;
				CLANG_WARN_UNREACHABLE_CODE = YES;
				CLANG_WARN__DUPLICATE_METHOD_MATCH = YES;
				COPY_PHASE_STRIP = NO;
				CURRENT_PROJECT_VERSION = 1;
				DEBUG_INFORMATION_FORMAT = dwarf;
				ENABLE_STRICT_OBJC_MSGSEND = YES;
				ENABLE_TESTABILITY = YES;
				GCC_C_LANGUAGE_STANDARD = gnu11;
				GCC_DYNAMIC_NO_PIC = NO;
				GCC_NO_COMMON_BLOCKS = YES;
				GCC_OPTIMIZATION_LEVEL = 0;
				GCC_PREPROCESSOR_DEFINITIONS = (
					"DEBUG=1",
					"$(inherited)",
				);
				GCC_WARN_64_TO_32_BIT_CONVERSION = YES;
				GCC_WARN_ABOUT_RETURN_TYPE = YES_ERROR;
				GCC_WARN_UNDECLARED_SELECTOR = YES;
				GCC_WARN_UNINITIALIZED_AUTOS = YES_AGGRESSIVE;
				GCC_WARN_UNUSED_FUNCTION = YES;
				GCC_WARN_UNUSED_VARIABLE = YES;
				IPHONEOS_DEPLOYMENT_TARGET = 16.0;
				MACOSX_DEPLOYMENT_TARGET = 12.4;
				MTL_ENABLE_DEBUG_INFO = INCLUDE_SOURCE;
				MTL_FAST_MATH = YES;
				ONLY_ACTIVE_ARCH = YES;
				SDKROOT = macosx;
				SWIFT_ACTIVE_COMPILATION_CONDITIONS = DEBUG;
				SWIFT_OPTIMIZATION_LEVEL = "-Onone";
				VERSIONING_SYSTEM = "apple-generic";
				VERSION_INFO_PREFIX = "";
			};
			name = Debug;
		};
		6A321C5F2ADACEB000E1A0DB /* Release */ = {
			isa = XCBuildConfiguration;
			buildSettings = {
				ALWAYS_SEARCH_USER_PATHS = NO;
				CLANG_ANALYZER_LOCALIZABILITY_NONLOCALIZED = YES;
				CLANG_ANALYZER_NONNULL = YES;
				CLANG_ANALYZER_NUMBER_OBJECT_CONVERSION = YES_AGGRESSIVE;
				CLANG_CXX_LANGUAGE_STANDARD = "gnu++20";
				CLANG_ENABLE_MODULES = YES;
				CLANG_ENABLE_OBJC_ARC = YES;
				CLANG_ENABLE_OBJC_WEAK = YES;
				CLANG_WARN_BLOCK_CAPTURE_AUTORELEASING = YES;
				CLANG_WARN_BOOL_CONVERSION = YES;
				CLANG_WARN_COMMA = YES;
				CLANG_WARN_CONSTANT_CONVERSION = YES;
				CLANG_WARN_DEPRECATED_OBJC_IMPLEMENTATIONS = YES;
				CLANG_WARN_DIRECT_OBJC_ISA_USAGE = YES_ERROR;
				CLANG_WARN_DOCUMENTATION_COMMENTS = YES;
				CLANG_WARN_EMPTY_BODY = YES;
				CLANG_WARN_ENUM_CONVERSION = YES;
				CLANG_WARN_INFINITE_RECURSION = YES;
				CLANG_WARN_INT_CONVERSION = YES;
				CLANG_WARN_NON_LITERAL_NULL_CONVERSION = YES;
				CLANG_WARN_OBJC_IMPLICIT_RETAIN_SELF = YES;
				CLANG_WARN_OBJC_LITERAL_CONVERSION = YES;
				CLANG_WARN_OBJC_ROOT_CLASS = YES_ERROR;
				CLANG_WARN_QUOTED_INCLUDE_IN_FRAMEWORK_HEADER = YES;
				CLANG_WARN_RANGE_LOOP_ANALYSIS = YES;
				CLANG_WARN_STRICT_PROTOTYPES = YES;
				CLANG_WARN_SUSPICIOUS_MOVE = YES;
				CLANG_WARN_UNGUARDED_AVAILABILITY = YES_AGGRESSIVE;
				CLANG_WARN_UNREACHABLE_CODE = YES;
				CLANG_WARN__DUPLICATE_METHOD_MATCH = YES;
				COPY_PHASE_STRIP = NO;
				CURRENT_PROJECT_VERSION = 1;
				DEBUG_INFORMATION_FORMAT = "dwarf-with-dsym";
				ENABLE_NS_ASSERTIONS = NO;
				ENABLE_STRICT_OBJC_MSGSEND = YES;
				GCC_C_LANGUAGE_STANDARD = gnu11;
				GCC_NO_COMMON_BLOCKS = YES;
				GCC_WARN_64_TO_32_BIT_CONVERSION = YES;
				GCC_WARN_ABOUT_RETURN_TYPE = YES_ERROR;
				GCC_WARN_UNDECLARED_SELECTOR = YES;
				GCC_WARN_UNINITIALIZED_AUTOS = YES_AGGRESSIVE;
				GCC_WARN_UNUSED_FUNCTION = YES;
				GCC_WARN_UNUSED_VARIABLE = YES;
				IPHONEOS_DEPLOYMENT_TARGET = 16.0;
				MACOSX_DEPLOYMENT_TARGET = 12.4;
				MTL_ENABLE_DEBUG_INFO = NO;
				MTL_FAST_MATH = YES;
				SDKROOT = macosx;
				SWIFT_COMPILATION_MODE = wholemodule;
				SWIFT_OPTIMIZATION_LEVEL = "-O";
				VERSIONING_SYSTEM = "apple-generic";
				VERSION_INFO_PREFIX = "";
			};
			name = Release;
		};
		6A321C612ADACEB000E1A0DB /* Debug */ = {
			isa = XCBuildConfiguration;
			buildSettings = {
				CLANG_ENABLE_MODULES = YES;
				CODE_SIGN_STYLE = Automatic;
				COMBINE_HIDPI_IMAGES = YES;
				CURRENT_PROJECT_VERSION = 1;
				DEFINES_MODULE = YES;
				DEVELOPMENT_TEAM = 5TUA6QYFHS;
				DYLIB_COMPATIBILITY_VERSION = 1;
				DYLIB_CURRENT_VERSION = 1;
				DYLIB_INSTALL_NAME_BASE = "@rpath";
				ENABLE_MODULE_VERIFIER = YES;
				GENERATE_INFOPLIST_FILE = YES;
				INFOPLIST_KEY_NSHumanReadableCopyright = "";
				INSTALL_PATH = "$(LOCAL_LIBRARY_DIR)/Frameworks";
				LD_RUNPATH_SEARCH_PATHS = (
					"$(inherited)",
					"@executable_path/../Frameworks",
					"@loader_path/Frameworks",
				);
				MACOSX_DEPLOYMENT_TARGET = 12.4;
				MARKETING_VERSION = 1.0;
				MODULE_VERIFIER_SUPPORTED_LANGUAGES = "objective-c objective-c++";
				MODULE_VERIFIER_SUPPORTED_LANGUAGE_STANDARDS = "gnu11 gnu++20";
				PRODUCT_BUNDLE_IDENTIFIER = com.altunog.EssentialFeed;
				PRODUCT_NAME = "$(TARGET_NAME:c99extidentifier)";
				SKIP_INSTALL = YES;
				SUPPORTED_PLATFORMS = "iphoneos iphonesimulator macosx";
				SUPPORTS_MACCATALYST = NO;
				SUPPORTS_MAC_DESIGNED_FOR_IPHONE_IPAD = NO;
				SWIFT_EMIT_LOC_STRINGS = YES;
				SWIFT_OPTIMIZATION_LEVEL = "-Onone";
				SWIFT_VERSION = 5.0;
				TARGETED_DEVICE_FAMILY = 1;
			};
			name = Debug;
		};
		6A321C622ADACEB000E1A0DB /* Release */ = {
			isa = XCBuildConfiguration;
			buildSettings = {
				CLANG_ENABLE_MODULES = YES;
				CODE_SIGN_STYLE = Automatic;
				COMBINE_HIDPI_IMAGES = YES;
				CURRENT_PROJECT_VERSION = 1;
				DEFINES_MODULE = YES;
				DEVELOPMENT_TEAM = 5TUA6QYFHS;
				DYLIB_COMPATIBILITY_VERSION = 1;
				DYLIB_CURRENT_VERSION = 1;
				DYLIB_INSTALL_NAME_BASE = "@rpath";
				ENABLE_MODULE_VERIFIER = YES;
				GENERATE_INFOPLIST_FILE = YES;
				INFOPLIST_KEY_NSHumanReadableCopyright = "";
				INSTALL_PATH = "$(LOCAL_LIBRARY_DIR)/Frameworks";
				LD_RUNPATH_SEARCH_PATHS = (
					"$(inherited)",
					"@executable_path/../Frameworks",
					"@loader_path/Frameworks",
				);
				MACOSX_DEPLOYMENT_TARGET = 12.4;
				MARKETING_VERSION = 1.0;
				MODULE_VERIFIER_SUPPORTED_LANGUAGES = "objective-c objective-c++";
				MODULE_VERIFIER_SUPPORTED_LANGUAGE_STANDARDS = "gnu11 gnu++20";
				PRODUCT_BUNDLE_IDENTIFIER = com.altunog.EssentialFeed;
				PRODUCT_NAME = "$(TARGET_NAME:c99extidentifier)";
				SKIP_INSTALL = YES;
				SUPPORTED_PLATFORMS = "iphoneos iphonesimulator macosx";
				SUPPORTS_MACCATALYST = NO;
				SUPPORTS_MAC_DESIGNED_FOR_IPHONE_IPAD = NO;
				SWIFT_EMIT_LOC_STRINGS = YES;
				SWIFT_VERSION = 5.0;
				TARGETED_DEVICE_FAMILY = 1;
			};
			name = Release;
		};
		6A321C642ADACEB000E1A0DB /* Debug */ = {
			isa = XCBuildConfiguration;
			buildSettings = {
				ALWAYS_EMBED_SWIFT_STANDARD_LIBRARIES = YES;
				CODE_SIGN_STYLE = Automatic;
				CURRENT_PROJECT_VERSION = 1;
				DEVELOPMENT_TEAM = 5TUA6QYFHS;
				GENERATE_INFOPLIST_FILE = YES;
				MARKETING_VERSION = 1.0;
				PRODUCT_BUNDLE_IDENTIFIER = com.altunog.EssentialFeedTests;
				PRODUCT_NAME = "$(TARGET_NAME)";
				SUPPORTED_PLATFORMS = "iphoneos iphonesimulator macosx";
				SUPPORTS_MACCATALYST = NO;
				SUPPORTS_MAC_DESIGNED_FOR_IPHONE_IPAD = NO;
				SWIFT_EMIT_LOC_STRINGS = NO;
				SWIFT_VERSION = 5.0;
				TARGETED_DEVICE_FAMILY = 1;
			};
			name = Debug;
		};
		6A321C652ADACEB000E1A0DB /* Release */ = {
			isa = XCBuildConfiguration;
			buildSettings = {
				ALWAYS_EMBED_SWIFT_STANDARD_LIBRARIES = YES;
				CODE_SIGN_STYLE = Automatic;
				CURRENT_PROJECT_VERSION = 1;
				DEVELOPMENT_TEAM = 5TUA6QYFHS;
				GENERATE_INFOPLIST_FILE = YES;
				MARKETING_VERSION = 1.0;
				PRODUCT_BUNDLE_IDENTIFIER = com.altunog.EssentialFeedTests;
				PRODUCT_NAME = "$(TARGET_NAME)";
				SUPPORTED_PLATFORMS = "iphoneos iphonesimulator macosx";
				SUPPORTS_MACCATALYST = NO;
				SUPPORTS_MAC_DESIGNED_FOR_IPHONE_IPAD = NO;
				SWIFT_EMIT_LOC_STRINGS = NO;
				SWIFT_VERSION = 5.0;
				TARGETED_DEVICE_FAMILY = 1;
			};
			name = Release;
		};
		6A32C0282AFEC34300DAAAFB /* Debug */ = {
			isa = XCBuildConfiguration;
			buildSettings = {
				CODE_SIGN_STYLE = Automatic;
				CURRENT_PROJECT_VERSION = 1;
				DEVELOPMENT_TEAM = 5TUA6QYFHS;
				GENERATE_INFOPLIST_FILE = YES;
				MARKETING_VERSION = 1.0;
				PRODUCT_BUNDLE_IDENTIFIER = com.altunog.EssentialFeedAPIEndToEndTests;
				PRODUCT_NAME = "$(TARGET_NAME)";
				SUPPORTED_PLATFORMS = "iphoneos iphonesimulator macosx";
				SUPPORTS_MACCATALYST = NO;
				SUPPORTS_MAC_DESIGNED_FOR_IPHONE_IPAD = NO;
				SWIFT_EMIT_LOC_STRINGS = NO;
				SWIFT_VERSION = 5.0;
				TARGETED_DEVICE_FAMILY = 1;
			};
			name = Debug;
		};
		6A32C0292AFEC34300DAAAFB /* Release */ = {
			isa = XCBuildConfiguration;
			buildSettings = {
				CODE_SIGN_STYLE = Automatic;
				CURRENT_PROJECT_VERSION = 1;
				DEVELOPMENT_TEAM = 5TUA6QYFHS;
				GENERATE_INFOPLIST_FILE = YES;
				MARKETING_VERSION = 1.0;
				PRODUCT_BUNDLE_IDENTIFIER = com.altunog.EssentialFeedAPIEndToEndTests;
				PRODUCT_NAME = "$(TARGET_NAME)";
				SUPPORTED_PLATFORMS = "iphoneos iphonesimulator macosx";
				SUPPORTS_MACCATALYST = NO;
				SUPPORTS_MAC_DESIGNED_FOR_IPHONE_IPAD = NO;
				SWIFT_EMIT_LOC_STRINGS = NO;
				SWIFT_VERSION = 5.0;
				TARGETED_DEVICE_FAMILY = 1;
			};
			name = Release;
		};
		6A7318922B35F10000C50435 /* Debug */ = {
			isa = XCBuildConfiguration;
			buildSettings = {
				CODE_SIGN_STYLE = Automatic;
				CURRENT_PROJECT_VERSION = 1;
				DEVELOPMENT_TEAM = 5TUA6QYFHS;
				GENERATE_INFOPLIST_FILE = YES;
				MACOSX_DEPLOYMENT_TARGET = 12.4;
				MARKETING_VERSION = 1.0;
				PRODUCT_BUNDLE_IDENTIFIER = com.altunog.EssentialFeedCacheIntegrationTests;
				PRODUCT_NAME = "$(TARGET_NAME)";
				SUPPORTED_PLATFORMS = "iphoneos iphonesimulator macosx";
				SUPPORTS_MACCATALYST = NO;
				SUPPORTS_MAC_DESIGNED_FOR_IPHONE_IPAD = NO;
				SWIFT_EMIT_LOC_STRINGS = NO;
				SWIFT_VERSION = 5.0;
				TARGETED_DEVICE_FAMILY = 1;
			};
			name = Debug;
		};
		6A7318932B35F10000C50435 /* Release */ = {
			isa = XCBuildConfiguration;
			buildSettings = {
				CODE_SIGN_STYLE = Automatic;
				CURRENT_PROJECT_VERSION = 1;
				DEVELOPMENT_TEAM = 5TUA6QYFHS;
				GENERATE_INFOPLIST_FILE = YES;
				MACOSX_DEPLOYMENT_TARGET = 12.4;
				MARKETING_VERSION = 1.0;
				PRODUCT_BUNDLE_IDENTIFIER = com.altunog.EssentialFeedCacheIntegrationTests;
				PRODUCT_NAME = "$(TARGET_NAME)";
				SUPPORTED_PLATFORMS = "iphoneos iphonesimulator macosx";
				SUPPORTS_MACCATALYST = NO;
				SUPPORTS_MAC_DESIGNED_FOR_IPHONE_IPAD = NO;
				SWIFT_EMIT_LOC_STRINGS = NO;
				SWIFT_VERSION = 5.0;
				TARGETED_DEVICE_FAMILY = 1;
			};
			name = Release;
		};
/* End XCBuildConfiguration section */

/* Begin XCConfigurationList section */
		6A2409E02B3DF96E00CA36B8 /* Build configuration list for PBXNativeTarget "EssentialFeediOS" */ = {
			isa = XCConfigurationList;
			buildConfigurations = (
				6A2409E12B3DF96E00CA36B8 /* Debug */,
				6A2409E22B3DF96E00CA36B8 /* Release */,
			);
			defaultConfigurationIsVisible = 0;
			defaultConfigurationName = Release;
		};
		6A2409E32B3DF96E00CA36B8 /* Build configuration list for PBXNativeTarget "EssentialFeediOSTests" */ = {
			isa = XCConfigurationList;
			buildConfigurations = (
				6A2409E42B3DF96E00CA36B8 /* Debug */,
				6A2409E52B3DF96E00CA36B8 /* Release */,
			);
			defaultConfigurationIsVisible = 0;
			defaultConfigurationName = Release;
		};
		6A321C482ADACEB000E1A0DB /* Build configuration list for PBXProject "EssentialFeed" */ = {
			isa = XCConfigurationList;
			buildConfigurations = (
				6A321C5E2ADACEB000E1A0DB /* Debug */,
				6A321C5F2ADACEB000E1A0DB /* Release */,
			);
			defaultConfigurationIsVisible = 0;
			defaultConfigurationName = Release;
		};
		6A321C602ADACEB000E1A0DB /* Build configuration list for PBXNativeTarget "EssentialFeed" */ = {
			isa = XCConfigurationList;
			buildConfigurations = (
				6A321C612ADACEB000E1A0DB /* Debug */,
				6A321C622ADACEB000E1A0DB /* Release */,
			);
			defaultConfigurationIsVisible = 0;
			defaultConfigurationName = Release;
		};
		6A321C632ADACEB000E1A0DB /* Build configuration list for PBXNativeTarget "EssentialFeedTests" */ = {
			isa = XCConfigurationList;
			buildConfigurations = (
				6A321C642ADACEB000E1A0DB /* Debug */,
				6A321C652ADACEB000E1A0DB /* Release */,
			);
			defaultConfigurationIsVisible = 0;
			defaultConfigurationName = Release;
		};
		6A32C0272AFEC34300DAAAFB /* Build configuration list for PBXNativeTarget "EssentialFeedAPIEndToEndTests" */ = {
			isa = XCConfigurationList;
			buildConfigurations = (
				6A32C0282AFEC34300DAAAFB /* Debug */,
				6A32C0292AFEC34300DAAAFB /* Release */,
			);
			defaultConfigurationIsVisible = 0;
			defaultConfigurationName = Release;
		};
		6A7318912B35F10000C50435 /* Build configuration list for PBXNativeTarget "EssentialFeedCacheIntegrationTests" */ = {
			isa = XCConfigurationList;
			buildConfigurations = (
				6A7318922B35F10000C50435 /* Debug */,
				6A7318932B35F10000C50435 /* Release */,
			);
			defaultConfigurationIsVisible = 0;
			defaultConfigurationName = Release;
		};
/* End XCConfigurationList section */

/* Begin XCVersionGroup section */
		6A7318722B32235A00C50435 /* FeedStore.xcdatamodeld */ = {
			isa = XCVersionGroup;
			children = (
				6A7318732B32235A00C50435 /* FeedStore.xcdatamodel */,
			);
			currentVersion = 6A7318732B32235A00C50435 /* FeedStore.xcdatamodel */;
			path = FeedStore.xcdatamodeld;
			sourceTree = "<group>";
			versionGroupType = wrapper.xcdatamodel;
		};
/* End XCVersionGroup section */
	};
	rootObject = 6A321C452ADACEB000E1A0DB /* Project object */;
}
