// !$*UTF8*$!
{
	archiveVersion = 1;
	classes = {
	};
	objectVersion = 56;
	objects = {

/* Begin PBXBuildFile section */
		6A13FF062B9E2264007F3BD0 /* AppDelegate.swift in Sources */ = {isa = PBXBuildFile; fileRef = 6A13FF052B9E2264007F3BD0 /* AppDelegate.swift */; };
		6A13FF082B9E2264007F3BD0 /* SceneDelegate.swift in Sources */ = {isa = PBXBuildFile; fileRef = 6A13FF072B9E2264007F3BD0 /* SceneDelegate.swift */; };
		6A13FF0F2B9E2267007F3BD0 /* Assets.xcassets in Resources */ = {isa = PBXBuildFile; fileRef = 6A13FF0E2B9E2267007F3BD0 /* Assets.xcassets */; };
		6A13FF122B9E2267007F3BD0 /* LaunchScreen.storyboard in Resources */ = {isa = PBXBuildFile; fileRef = 6A13FF102B9E2267007F3BD0 /* LaunchScreen.storyboard */; };
		6A13FF392BA0D884007F3BD0 /* EssentialFeed.framework in Frameworks */ = {isa = PBXBuildFile; fileRef = 6A13FF372BA0D884007F3BD0 /* EssentialFeed.framework */; };
		6A13FF3A2BA0D884007F3BD0 /* EssentialFeed.framework in Embed Frameworks */ = {isa = PBXBuildFile; fileRef = 6A13FF372BA0D884007F3BD0 /* EssentialFeed.framework */; settings = {ATTRIBUTES = (CodeSignOnCopy, RemoveHeadersOnCopy, ); }; };
		6A13FF3B2BA0D885007F3BD0 /* EssentialFeediOS.framework in Frameworks */ = {isa = PBXBuildFile; fileRef = 6A13FF382BA0D884007F3BD0 /* EssentialFeediOS.framework */; };
		6A13FF3C2BA0D885007F3BD0 /* EssentialFeediOS.framework in Embed Frameworks */ = {isa = PBXBuildFile; fileRef = 6A13FF382BA0D884007F3BD0 /* EssentialFeediOS.framework */; settings = {ATTRIBUTES = (CodeSignOnCopy, RemoveHeadersOnCopy, ); }; };
		6A13FF842BA0E12E007F3BD0 /* EssentialFeed.framework in Frameworks */ = {isa = PBXBuildFile; fileRef = 6A13FF822BA0E12E007F3BD0 /* EssentialFeed.framework */; };
		6A13FF852BA0E12E007F3BD0 /* EssentialFeed.framework in Embed Frameworks */ = {isa = PBXBuildFile; fileRef = 6A13FF822BA0E12E007F3BD0 /* EssentialFeed.framework */; settings = {ATTRIBUTES = (CodeSignOnCopy, RemoveHeadersOnCopy, ); }; };
		6A13FF862BA0E12E007F3BD0 /* EssentialFeediOS.framework in Frameworks */ = {isa = PBXBuildFile; fileRef = 6A13FF832BA0E12E007F3BD0 /* EssentialFeediOS.framework */; };
		6A13FF872BA0E12E007F3BD0 /* EssentialFeediOS.framework in Embed Frameworks */ = {isa = PBXBuildFile; fileRef = 6A13FF832BA0E12E007F3BD0 /* EssentialFeediOS.framework */; settings = {ATTRIBUTES = (CodeSignOnCopy, RemoveHeadersOnCopy, ); }; };
		6A13FF932BAECFEF007F3BD0 /* XCTestCase+MemoryLeakTracking.swift in Sources */ = {isa = PBXBuildFile; fileRef = 6A13FF922BAECFEF007F3BD0 /* XCTestCase+MemoryLeakTracking.swift */; };
		6A13FF952BAED06F007F3BD0 /* SharedTestHelpers.swift in Sources */ = {isa = PBXBuildFile; fileRef = 6A13FF942BAED06F007F3BD0 /* SharedTestHelpers.swift */; };
		6A1C51AD2BD532B900AC635F /* SceneDelegateTests.swift in Sources */ = {isa = PBXBuildFile; fileRef = 6A1C51AC2BD532B900AC635F /* SceneDelegateTests.swift */; };
		6A1C51B52BD53D1900AC635F /* LoadResourcePresentationAdapter.swift in Sources */ = {isa = PBXBuildFile; fileRef = 6A1C51B12BD53D1900AC635F /* LoadResourcePresentationAdapter.swift */; };
		6A1C51B62BD53D1900AC635F /* FeedViewAdapter.swift in Sources */ = {isa = PBXBuildFile; fileRef = 6A1C51B22BD53D1900AC635F /* FeedViewAdapter.swift */; };
		6A1C51B72BD53D1900AC635F /* WeakRefVirtualProxy.swift in Sources */ = {isa = PBXBuildFile; fileRef = 6A1C51B32BD53D1900AC635F /* WeakRefVirtualProxy.swift */; };
		6A1C51B92BD53D1900AC635F /* FeedUIComposer.swift in Sources */ = {isa = PBXBuildFile; fileRef = 6A1C51AF2BD53D1900AC635F /* FeedUIComposer.swift */; };
		6A1C51C32BD7B69400AC635F /* FeedViewControllerTests+LoaderSpy.swift in Sources */ = {isa = PBXBuildFile; fileRef = 6A1C51BA2BD7B69300AC635F /* FeedViewControllerTests+LoaderSpy.swift */; };
		6A1C51C52BD7B69400AC635F /* FeedUIIntegrationTests+Assertions.swift in Sources */ = {isa = PBXBuildFile; fileRef = 6A1C51BE2BD7B69400AC635F /* FeedUIIntegrationTests+Assertions.swift */; };
		6A1C51C62BD7B69400AC635F /* UIButton+TestHelpers.swift in Sources */ = {isa = PBXBuildFile; fileRef = 6A1C51C22BD7B69400AC635F /* UIButton+TestHelpers.swift */; };
		6A1C51C72BD7B69400AC635F /* UIControl+TestHelpers.swift in Sources */ = {isa = PBXBuildFile; fileRef = 6A1C51BB2BD7B69400AC635F /* UIControl+TestHelpers.swift */; };
		6A1C51C82BD7B69400AC635F /* UIImage+TestHelpers.swift in Sources */ = {isa = PBXBuildFile; fileRef = 6A1C51BC2BD7B69400AC635F /* UIImage+TestHelpers.swift */; };
		6A1C51C92BD7B69400AC635F /* UIRefreshControl+TestHelpers.swift in Sources */ = {isa = PBXBuildFile; fileRef = 6A1C51C02BD7B69400AC635F /* UIRefreshControl+TestHelpers.swift */; };
		6A1C51CA2BD7B69400AC635F /* ListViewController+TestHelpers.swift in Sources */ = {isa = PBXBuildFile; fileRef = 6A1C51BD2BD7B69400AC635F /* ListViewController+TestHelpers.swift */; };
		6A1C51CB2BD7B69400AC635F /* FeedImageCell+TestHelpers.swift in Sources */ = {isa = PBXBuildFile; fileRef = 6A1C51BF2BD7B69400AC635F /* FeedImageCell+TestHelpers.swift */; };
		6A1C51CD2BD7B6B000AC635F /* FeedUIIntegrationTests.swift in Sources */ = {isa = PBXBuildFile; fileRef = 6A1C51CC2BD7B6B000AC635F /* FeedUIIntegrationTests.swift */; };
		6A1C51CF2BD7B93500AC635F /* FeedAcceptanceTests.swift in Sources */ = {isa = PBXBuildFile; fileRef = 6A1C51CE2BD7B93500AC635F /* FeedAcceptanceTests.swift */; };
		6A968A9A2BE680FD0033B173 /* UIView+TestHelpers.swift in Sources */ = {isa = PBXBuildFile; fileRef = 6A968A992BE680FD0033B173 /* UIView+TestHelpers.swift */; };
		6A968AF52BF131B60033B173 /* CombineHelpers.swift in Sources */ = {isa = PBXBuildFile; fileRef = 6A968AF42BF131B60033B173 /* CombineHelpers.swift */; };
		6AEA4D582C334E1900A11E0C /* CommentsUIIntegrationTests.swift in Sources */ = {isa = PBXBuildFile; fileRef = 6AEA4D572C334E1900A11E0C /* CommentsUIIntegrationTests.swift */; };
		6AEA4D5C2C334F3F00A11E0C /* CommentsUIComposer.swift in Sources */ = {isa = PBXBuildFile; fileRef = 6AEA4D5B2C334F3F00A11E0C /* CommentsUIComposer.swift */; };
		6AEA4D7A2C43E60F00A11E0C /* NullStore.swift in Sources */ = {isa = PBXBuildFile; fileRef = 6AEA4D792C43E60F00A11E0C /* NullStore.swift */; };
/* End PBXBuildFile section */

/* Begin PBXContainerItemProxy section */
		6A13FF192B9E2267007F3BD0 /* PBXContainerItemProxy */ = {
			isa = PBXContainerItemProxy;
			containerPortal = 6A13FEFA2B9E2264007F3BD0 /* Project object */;
			proxyType = 1;
			remoteGlobalIDString = 6A13FF012B9E2264007F3BD0;
			remoteInfo = EssentialApp;
		};
/* End PBXContainerItemProxy section */

/* Begin PBXCopyFilesBuildPhase section */
		6A13FF3D2BA0D885007F3BD0 /* Embed Frameworks */ = {
			isa = PBXCopyFilesBuildPhase;
			buildActionMask = 2147483647;
			dstPath = "";
			dstSubfolderSpec = 10;
			files = (
				6A13FF3A2BA0D884007F3BD0 /* EssentialFeed.framework in Embed Frameworks */,
				6A13FF3C2BA0D885007F3BD0 /* EssentialFeediOS.framework in Embed Frameworks */,
			);
			name = "Embed Frameworks";
			runOnlyForDeploymentPostprocessing = 0;
		};
		6A13FF882BA0E12E007F3BD0 /* Embed Frameworks */ = {
			isa = PBXCopyFilesBuildPhase;
			buildActionMask = 2147483647;
			dstPath = "";
			dstSubfolderSpec = 10;
			files = (
				6A13FF852BA0E12E007F3BD0 /* EssentialFeed.framework in Embed Frameworks */,
				6A13FF872BA0E12E007F3BD0 /* EssentialFeediOS.framework in Embed Frameworks */,
			);
			name = "Embed Frameworks";
			runOnlyForDeploymentPostprocessing = 0;
		};
/* End PBXCopyFilesBuildPhase section */

/* Begin PBXFileReference section */
		6A13FF022B9E2264007F3BD0 /* EssentialApp.app */ = {isa = PBXFileReference; explicitFileType = wrapper.application; includeInIndex = 0; path = EssentialApp.app; sourceTree = BUILT_PRODUCTS_DIR; };
		6A13FF052B9E2264007F3BD0 /* AppDelegate.swift */ = {isa = PBXFileReference; lastKnownFileType = sourcecode.swift; path = AppDelegate.swift; sourceTree = "<group>"; };
		6A13FF072B9E2264007F3BD0 /* SceneDelegate.swift */ = {isa = PBXFileReference; lastKnownFileType = sourcecode.swift; path = SceneDelegate.swift; sourceTree = "<group>"; };
		6A13FF0E2B9E2267007F3BD0 /* Assets.xcassets */ = {isa = PBXFileReference; lastKnownFileType = folder.assetcatalog; path = Assets.xcassets; sourceTree = "<group>"; };
		6A13FF112B9E2267007F3BD0 /* Base */ = {isa = PBXFileReference; lastKnownFileType = file.storyboard; name = Base; path = Base.lproj/LaunchScreen.storyboard; sourceTree = "<group>"; };
		6A13FF132B9E2267007F3BD0 /* Info.plist */ = {isa = PBXFileReference; lastKnownFileType = text.plist.xml; path = Info.plist; sourceTree = "<group>"; };
		6A13FF182B9E2267007F3BD0 /* EssentialAppTests.xctest */ = {isa = PBXFileReference; explicitFileType = wrapper.cfbundle; includeInIndex = 0; path = EssentialAppTests.xctest; sourceTree = BUILT_PRODUCTS_DIR; };
		6A13FF372BA0D884007F3BD0 /* EssentialFeed.framework */ = {isa = PBXFileReference; explicitFileType = wrapper.framework; path = EssentialFeed.framework; sourceTree = BUILT_PRODUCTS_DIR; };
		6A13FF382BA0D884007F3BD0 /* EssentialFeediOS.framework */ = {isa = PBXFileReference; explicitFileType = wrapper.framework; path = EssentialFeediOS.framework; sourceTree = BUILT_PRODUCTS_DIR; };
		6A13FF822BA0E12E007F3BD0 /* EssentialFeed.framework */ = {isa = PBXFileReference; explicitFileType = wrapper.framework; path = EssentialFeed.framework; sourceTree = BUILT_PRODUCTS_DIR; };
		6A13FF832BA0E12E007F3BD0 /* EssentialFeediOS.framework */ = {isa = PBXFileReference; explicitFileType = wrapper.framework; path = EssentialFeediOS.framework; sourceTree = BUILT_PRODUCTS_DIR; };
		6A13FF922BAECFEF007F3BD0 /* XCTestCase+MemoryLeakTracking.swift */ = {isa = PBXFileReference; lastKnownFileType = sourcecode.swift; path = "XCTestCase+MemoryLeakTracking.swift"; sourceTree = "<group>"; };
		6A13FF942BAED06F007F3BD0 /* SharedTestHelpers.swift */ = {isa = PBXFileReference; lastKnownFileType = sourcecode.swift; path = SharedTestHelpers.swift; sourceTree = "<group>"; };
		6A1C51AC2BD532B900AC635F /* SceneDelegateTests.swift */ = {isa = PBXFileReference; lastKnownFileType = sourcecode.swift; path = SceneDelegateTests.swift; sourceTree = "<group>"; };
		6A1C51AF2BD53D1900AC635F /* FeedUIComposer.swift */ = {isa = PBXFileReference; lastKnownFileType = sourcecode.swift; path = FeedUIComposer.swift; sourceTree = "<group>"; };
		6A1C51B12BD53D1900AC635F /* LoadResourcePresentationAdapter.swift */ = {isa = PBXFileReference; lastKnownFileType = sourcecode.swift; path = LoadResourcePresentationAdapter.swift; sourceTree = "<group>"; };
		6A1C51B22BD53D1900AC635F /* FeedViewAdapter.swift */ = {isa = PBXFileReference; lastKnownFileType = sourcecode.swift; path = FeedViewAdapter.swift; sourceTree = "<group>"; };
		6A1C51B32BD53D1900AC635F /* WeakRefVirtualProxy.swift */ = {isa = PBXFileReference; lastKnownFileType = sourcecode.swift; path = WeakRefVirtualProxy.swift; sourceTree = "<group>"; };
		6A1C51BA2BD7B69300AC635F /* FeedViewControllerTests+LoaderSpy.swift */ = {isa = PBXFileReference; lastKnownFileType = sourcecode.swift; path = "FeedViewControllerTests+LoaderSpy.swift"; sourceTree = "<group>"; };
		6A1C51BB2BD7B69400AC635F /* UIControl+TestHelpers.swift */ = {isa = PBXFileReference; lastKnownFileType = sourcecode.swift; path = "UIControl+TestHelpers.swift"; sourceTree = "<group>"; };
		6A1C51BC2BD7B69400AC635F /* UIImage+TestHelpers.swift */ = {isa = PBXFileReference; lastKnownFileType = sourcecode.swift; path = "UIImage+TestHelpers.swift"; sourceTree = "<group>"; };
		6A1C51BD2BD7B69400AC635F /* ListViewController+TestHelpers.swift */ = {isa = PBXFileReference; lastKnownFileType = sourcecode.swift; path = "ListViewController+TestHelpers.swift"; sourceTree = "<group>"; };
		6A1C51BE2BD7B69400AC635F /* FeedUIIntegrationTests+Assertions.swift */ = {isa = PBXFileReference; lastKnownFileType = sourcecode.swift; path = "FeedUIIntegrationTests+Assertions.swift"; sourceTree = "<group>"; };
		6A1C51BF2BD7B69400AC635F /* FeedImageCell+TestHelpers.swift */ = {isa = PBXFileReference; lastKnownFileType = sourcecode.swift; path = "FeedImageCell+TestHelpers.swift"; sourceTree = "<group>"; };
		6A1C51C02BD7B69400AC635F /* UIRefreshControl+TestHelpers.swift */ = {isa = PBXFileReference; lastKnownFileType = sourcecode.swift; path = "UIRefreshControl+TestHelpers.swift"; sourceTree = "<group>"; };
		6A1C51C22BD7B69400AC635F /* UIButton+TestHelpers.swift */ = {isa = PBXFileReference; lastKnownFileType = sourcecode.swift; path = "UIButton+TestHelpers.swift"; sourceTree = "<group>"; };
		6A1C51CC2BD7B6B000AC635F /* FeedUIIntegrationTests.swift */ = {isa = PBXFileReference; lastKnownFileType = sourcecode.swift; path = FeedUIIntegrationTests.swift; sourceTree = "<group>"; };
		6A1C51CE2BD7B93500AC635F /* FeedAcceptanceTests.swift */ = {isa = PBXFileReference; lastKnownFileType = sourcecode.swift; path = FeedAcceptanceTests.swift; sourceTree = "<group>"; };
		6A407DA22BC95DEA00299F5C /* EssentialApp.xctestplan */ = {isa = PBXFileReference; lastKnownFileType = text; path = EssentialApp.xctestplan; sourceTree = "<group>"; };
		6A407DA42BC95E1E00299F5C /* EssentialAppUIAcceptanceTests.xctestplan */ = {isa = PBXFileReference; lastKnownFileType = text; path = EssentialAppUIAcceptanceTests.xctestplan; sourceTree = "<group>"; };
		6A968A992BE680FD0033B173 /* UIView+TestHelpers.swift */ = {isa = PBXFileReference; lastKnownFileType = sourcecode.swift; path = "UIView+TestHelpers.swift"; sourceTree = "<group>"; };
		6A968AF42BF131B60033B173 /* CombineHelpers.swift */ = {isa = PBXFileReference; lastKnownFileType = sourcecode.swift; path = CombineHelpers.swift; sourceTree = "<group>"; };
		6AEA4D572C334E1900A11E0C /* CommentsUIIntegrationTests.swift */ = {isa = PBXFileReference; lastKnownFileType = sourcecode.swift; path = CommentsUIIntegrationTests.swift; sourceTree = "<group>"; };
		6AEA4D5B2C334F3F00A11E0C /* CommentsUIComposer.swift */ = {isa = PBXFileReference; lastKnownFileType = sourcecode.swift; path = CommentsUIComposer.swift; sourceTree = "<group>"; };
		6AEA4D652C397D2100A11E0C /* el */ = {isa = PBXFileReference; lastKnownFileType = text.plist.strings; name = el; path = el.lproj/LaunchScreen.strings; sourceTree = "<group>"; };
		6AEA4D662C397D3500A11E0C /* pt-BR */ = {isa = PBXFileReference; lastKnownFileType = text.plist.strings; name = "pt-BR"; path = "pt-BR.lproj/LaunchScreen.strings"; sourceTree = "<group>"; };
		6AEA4D682C397E7E00A11E0C /* en */ = {isa = PBXFileReference; lastKnownFileType = text.plist.strings; name = en; path = en.lproj/LaunchScreen.strings; sourceTree = "<group>"; };
		6AEA4D792C43E60F00A11E0C /* NullStore.swift */ = {isa = PBXFileReference; lastKnownFileType = sourcecode.swift; path = NullStore.swift; sourceTree = "<group>"; };
/* End PBXFileReference section */

/* Begin PBXFrameworksBuildPhase section */
		6A13FEFF2B9E2264007F3BD0 /* Frameworks */ = {
			isa = PBXFrameworksBuildPhase;
			buildActionMask = 2147483647;
			files = (
				6A13FF842BA0E12E007F3BD0 /* EssentialFeed.framework in Frameworks */,
				6A13FF862BA0E12E007F3BD0 /* EssentialFeediOS.framework in Frameworks */,
			);
			runOnlyForDeploymentPostprocessing = 0;
		};
		6A13FF152B9E2267007F3BD0 /* Frameworks */ = {
			isa = PBXFrameworksBuildPhase;
			buildActionMask = 2147483647;
			files = (
				6A13FF392BA0D884007F3BD0 /* EssentialFeed.framework in Frameworks */,
				6A13FF3B2BA0D885007F3BD0 /* EssentialFeediOS.framework in Frameworks */,
			);
			runOnlyForDeploymentPostprocessing = 0;
		};
/* End PBXFrameworksBuildPhase section */

/* Begin PBXGroup section */
		6A13FEF92B9E2264007F3BD0 = {
			isa = PBXGroup;
			children = (
				6A407DA22BC95DEA00299F5C /* EssentialApp.xctestplan */,
				6A407DA42BC95E1E00299F5C /* EssentialAppUIAcceptanceTests.xctestplan */,
				6A13FF042B9E2264007F3BD0 /* EssentialApp */,
				6A13FF1B2B9E2267007F3BD0 /* EssentialAppTests */,
				6A13FF032B9E2264007F3BD0 /* Products */,
				6A13FF362BA0D884007F3BD0 /* Frameworks */,
			);
			sourceTree = "<group>";
		};
		6A13FF032B9E2264007F3BD0 /* Products */ = {
			isa = PBXGroup;
			children = (
				6A13FF022B9E2264007F3BD0 /* EssentialApp.app */,
				6A13FF182B9E2267007F3BD0 /* EssentialAppTests.xctest */,
			);
			name = Products;
			sourceTree = "<group>";
		};
		6A13FF042B9E2264007F3BD0 /* EssentialApp */ = {
			isa = PBXGroup;
			children = (
				6A13FF052B9E2264007F3BD0 /* AppDelegate.swift */,
				6A13FF072B9E2264007F3BD0 /* SceneDelegate.swift */,
				6AEA4D792C43E60F00A11E0C /* NullStore.swift */,
				6A968AF42BF131B60033B173 /* CombineHelpers.swift */,
				6A1C51AF2BD53D1900AC635F /* FeedUIComposer.swift */,
				6AEA4D5B2C334F3F00A11E0C /* CommentsUIComposer.swift */,
				6A1C51B32BD53D1900AC635F /* WeakRefVirtualProxy.swift */,
				6A1C51B12BD53D1900AC635F /* LoadResourcePresentationAdapter.swift */,
				6A1C51B22BD53D1900AC635F /* FeedViewAdapter.swift */,
				6A13FF0E2B9E2267007F3BD0 /* Assets.xcassets */,
				6A13FF102B9E2267007F3BD0 /* LaunchScreen.storyboard */,
				6A13FF132B9E2267007F3BD0 /* Info.plist */,
			);
			path = EssentialApp;
			sourceTree = "<group>";
		};
		6A13FF1B2B9E2267007F3BD0 /* EssentialAppTests */ = {
			isa = PBXGroup;
			children = (
				6A13FF912BAECFD8007F3BD0 /* Helpers */,
				6A1C51AC2BD532B900AC635F /* SceneDelegateTests.swift */,
				6A1C51CC2BD7B6B000AC635F /* FeedUIIntegrationTests.swift */,
				6AEA4D572C334E1900A11E0C /* CommentsUIIntegrationTests.swift */,
				6A1C51CE2BD7B93500AC635F /* FeedAcceptanceTests.swift */,
			);
			path = EssentialAppTests;
			sourceTree = "<group>";
		};
		6A13FF362BA0D884007F3BD0 /* Frameworks */ = {
			isa = PBXGroup;
			children = (
				6A13FF822BA0E12E007F3BD0 /* EssentialFeed.framework */,
				6A13FF832BA0E12E007F3BD0 /* EssentialFeediOS.framework */,
				6A13FF372BA0D884007F3BD0 /* EssentialFeed.framework */,
				6A13FF382BA0D884007F3BD0 /* EssentialFeediOS.framework */,
			);
			name = Frameworks;
			sourceTree = "<group>";
		};
		6A13FF912BAECFD8007F3BD0 /* Helpers */ = {
			isa = PBXGroup;
			children = (
				6A1C51BC2BD7B69400AC635F /* UIImage+TestHelpers.swift */,
				6A1C51C02BD7B69400AC635F /* UIRefreshControl+TestHelpers.swift */,
				6A1C51C22BD7B69400AC635F /* UIButton+TestHelpers.swift */,
				6A1C51BB2BD7B69400AC635F /* UIControl+TestHelpers.swift */,
				6A968A992BE680FD0033B173 /* UIView+TestHelpers.swift */,
				6A1C51BF2BD7B69400AC635F /* FeedImageCell+TestHelpers.swift */,
				6A1C51BD2BD7B69400AC635F /* ListViewController+TestHelpers.swift */,
				6A1C51BA2BD7B69300AC635F /* FeedViewControllerTests+LoaderSpy.swift */,
				6A1C51BE2BD7B69400AC635F /* FeedUIIntegrationTests+Assertions.swift */,
				6A13FF922BAECFEF007F3BD0 /* XCTestCase+MemoryLeakTracking.swift */,
				6A13FF942BAED06F007F3BD0 /* SharedTestHelpers.swift */,
			);
			path = Helpers;
			sourceTree = "<group>";
		};
/* End PBXGroup section */

/* Begin PBXNativeTarget section */
		6A13FF012B9E2264007F3BD0 /* EssentialApp */ = {
			isa = PBXNativeTarget;
			buildConfigurationList = 6A13FF2C2B9E2267007F3BD0 /* Build configuration list for PBXNativeTarget "EssentialApp" */;
			buildPhases = (
				6A13FEFE2B9E2264007F3BD0 /* Sources */,
				6A13FEFF2B9E2264007F3BD0 /* Frameworks */,
				6A13FF002B9E2264007F3BD0 /* Resources */,
				6A13FF882BA0E12E007F3BD0 /* Embed Frameworks */,
			);
			buildRules = (
			);
			dependencies = (
			);
			name = EssentialApp;
			productName = EssentialApp;
			productReference = 6A13FF022B9E2264007F3BD0 /* EssentialApp.app */;
			productType = "com.apple.product-type.application";
		};
		6A13FF172B9E2267007F3BD0 /* EssentialAppTests */ = {
			isa = PBXNativeTarget;
			buildConfigurationList = 6A13FF2F2B9E2267007F3BD0 /* Build configuration list for PBXNativeTarget "EssentialAppTests" */;
			buildPhases = (
				6A13FF142B9E2267007F3BD0 /* Sources */,
				6A13FF152B9E2267007F3BD0 /* Frameworks */,
				6A13FF162B9E2267007F3BD0 /* Resources */,
				6A13FF3D2BA0D885007F3BD0 /* Embed Frameworks */,
			);
			buildRules = (
			);
			dependencies = (
				6A13FF1A2B9E2267007F3BD0 /* PBXTargetDependency */,
			);
			name = EssentialAppTests;
			productName = EssentialAppTests;
			productReference = 6A13FF182B9E2267007F3BD0 /* EssentialAppTests.xctest */;
			productType = "com.apple.product-type.bundle.unit-test";
		};
/* End PBXNativeTarget section */

/* Begin PBXProject section */
		6A13FEFA2B9E2264007F3BD0 /* Project object */ = {
			isa = PBXProject;
			attributes = {
				BuildIndependentTargetsInParallel = 1;
				LastSwiftUpdateCheck = 1520;
				LastUpgradeCheck = 1520;
				TargetAttributes = {
					6A13FF012B9E2264007F3BD0 = {
						CreatedOnToolsVersion = 15.2;
					};
					6A13FF172B9E2267007F3BD0 = {
						CreatedOnToolsVersion = 15.2;
						TestTargetID = 6A13FF012B9E2264007F3BD0;
					};
				};
			};
			buildConfigurationList = 6A13FEFD2B9E2264007F3BD0 /* Build configuration list for PBXProject "EssentialApp" */;
			compatibilityVersion = "Xcode 14.0";
			developmentRegion = en;
			hasScannedForEncodings = 0;
			knownRegions = (
				Base,
				el,
				"pt-BR",
				en,
			);
			mainGroup = 6A13FEF92B9E2264007F3BD0;
			productRefGroup = 6A13FF032B9E2264007F3BD0 /* Products */;
			projectDirPath = "";
			projectRoot = "";
			targets = (
				6A13FF012B9E2264007F3BD0 /* EssentialApp */,
				6A13FF172B9E2267007F3BD0 /* EssentialAppTests */,
			);
		};
/* End PBXProject section */

/* Begin PBXResourcesBuildPhase section */
		6A13FF002B9E2264007F3BD0 /* Resources */ = {
			isa = PBXResourcesBuildPhase;
			buildActionMask = 2147483647;
			files = (
				6A13FF122B9E2267007F3BD0 /* LaunchScreen.storyboard in Resources */,
				6A13FF0F2B9E2267007F3BD0 /* Assets.xcassets in Resources */,
			);
			runOnlyForDeploymentPostprocessing = 0;
		};
		6A13FF162B9E2267007F3BD0 /* Resources */ = {
			isa = PBXResourcesBuildPhase;
			buildActionMask = 2147483647;
			files = (
			);
			runOnlyForDeploymentPostprocessing = 0;
		};
/* End PBXResourcesBuildPhase section */

/* Begin PBXSourcesBuildPhase section */
		6A13FEFE2B9E2264007F3BD0 /* Sources */ = {
			isa = PBXSourcesBuildPhase;
			buildActionMask = 2147483647;
			files = (
				6A13FF062B9E2264007F3BD0 /* AppDelegate.swift in Sources */,
				6A1C51B62BD53D1900AC635F /* FeedViewAdapter.swift in Sources */,
				6A13FF082B9E2264007F3BD0 /* SceneDelegate.swift in Sources */,
				6AEA4D7A2C43E60F00A11E0C /* NullStore.swift in Sources */,
				6A1C51B52BD53D1900AC635F /* LoadResourcePresentationAdapter.swift in Sources */,
				6A968AF52BF131B60033B173 /* CombineHelpers.swift in Sources */,
				6A1C51B72BD53D1900AC635F /* WeakRefVirtualProxy.swift in Sources */,
				6A1C51B92BD53D1900AC635F /* FeedUIComposer.swift in Sources */,
				6AEA4D5C2C334F3F00A11E0C /* CommentsUIComposer.swift in Sources */,
			);
			runOnlyForDeploymentPostprocessing = 0;
		};
		6A13FF142B9E2267007F3BD0 /* Sources */ = {
			isa = PBXSourcesBuildPhase;
			buildActionMask = 2147483647;
			files = (
				6A13FF952BAED06F007F3BD0 /* SharedTestHelpers.swift in Sources */,
				6A1C51C72BD7B69400AC635F /* UIControl+TestHelpers.swift in Sources */,
				6A1C51C52BD7B69400AC635F /* FeedUIIntegrationTests+Assertions.swift in Sources */,
				6A1C51CB2BD7B69400AC635F /* FeedImageCell+TestHelpers.swift in Sources */,
				6A1C51AD2BD532B900AC635F /* SceneDelegateTests.swift in Sources */,
				6A968A9A2BE680FD0033B173 /* UIView+TestHelpers.swift in Sources */,
				6A1C51C82BD7B69400AC635F /* UIImage+TestHelpers.swift in Sources */,
				6A1C51C92BD7B69400AC635F /* UIRefreshControl+TestHelpers.swift in Sources */,
				6A1C51C62BD7B69400AC635F /* UIButton+TestHelpers.swift in Sources */,
				6A1C51CA2BD7B69400AC635F /* ListViewController+TestHelpers.swift in Sources */,
				6A1C51CF2BD7B93500AC635F /* FeedAcceptanceTests.swift in Sources */,
				6A1C51C32BD7B69400AC635F /* FeedViewControllerTests+LoaderSpy.swift in Sources */,
				6A1C51CD2BD7B6B000AC635F /* FeedUIIntegrationTests.swift in Sources */,
				6A13FF932BAECFEF007F3BD0 /* XCTestCase+MemoryLeakTracking.swift in Sources */,
				6AEA4D582C334E1900A11E0C /* CommentsUIIntegrationTests.swift in Sources */,
			);
			runOnlyForDeploymentPostprocessing = 0;
		};
/* End PBXSourcesBuildPhase section */

/* Begin PBXTargetDependency section */
		6A13FF1A2B9E2267007F3BD0 /* PBXTargetDependency */ = {
			isa = PBXTargetDependency;
			target = 6A13FF012B9E2264007F3BD0 /* EssentialApp */;
			targetProxy = 6A13FF192B9E2267007F3BD0 /* PBXContainerItemProxy */;
		};
/* End PBXTargetDependency section */

/* Begin PBXVariantGroup section */
		6A13FF102B9E2267007F3BD0 /* LaunchScreen.storyboard */ = {
			isa = PBXVariantGroup;
			children = (
				6A13FF112B9E2267007F3BD0 /* Base */,
				6AEA4D652C397D2100A11E0C /* el */,
				6AEA4D662C397D3500A11E0C /* pt-BR */,
				6AEA4D682C397E7E00A11E0C /* en */,
			);
			name = LaunchScreen.storyboard;
			sourceTree = "<group>";
		};
/* End PBXVariantGroup section */

/* Begin XCBuildConfiguration section */
		6A13FF2A2B9E2267007F3BD0 /* Debug */ = {
			isa = XCBuildConfiguration;
			buildSettings = {
				ALWAYS_SEARCH_USER_PATHS = NO;
				ASSETCATALOG_COMPILER_GENERATE_SWIFT_ASSET_SYMBOL_EXTENSIONS = YES;
				CLANG_ANALYZER_LOCALIZABILITY_NONLOCALIZED = YES;
				CLANG_ANALYZER_NONNULL = YES;
				CLANG_ANALYZER_NUMBER_OBJECT_CONVERSION = YES_AGGRESSIVE;
				CLANG_CXX_LANGUAGE_STANDARD = "gnu++20";
				CLANG_ENABLE_MODULES = YES;
				CLANG_ENABLE_OBJC_ARC = YES;
				CLANG_ENABLE_OBJC_WEAK = YES;
				CLANG_WARN_BLOCK_CAPTURE_AUTORELEASING = YES;
				CLANG_WARN_BOOL_CONVERSION = YES;
				CLANG_WARN_COMMA = YES;
				CLANG_WARN_CONSTANT_CONVERSION = YES;
				CLANG_WARN_DEPRECATED_OBJC_IMPLEMENTATIONS = YES;
				CLANG_WARN_DIRECT_OBJC_ISA_USAGE = YES_ERROR;
				CLANG_WARN_DOCUMENTATION_COMMENTS = YES;
				CLANG_WARN_EMPTY_BODY = YES;
				CLANG_WARN_ENUM_CONVERSION = YES;
				CLANG_WARN_INFINITE_RECURSION = YES;
				CLANG_WARN_INT_CONVERSION = YES;
				CLANG_WARN_NON_LITERAL_NULL_CONVERSION = YES;
				CLANG_WARN_OBJC_IMPLICIT_RETAIN_SELF = YES;
				CLANG_WARN_OBJC_LITERAL_CONVERSION = YES;
				CLANG_WARN_OBJC_ROOT_CLASS = YES_ERROR;
				CLANG_WARN_QUOTED_INCLUDE_IN_FRAMEWORK_HEADER = YES;
				CLANG_WARN_RANGE_LOOP_ANALYSIS = YES;
				CLANG_WARN_STRICT_PROTOTYPES = YES;
				CLANG_WARN_SUSPICIOUS_MOVE = YES;
				CLANG_WARN_UNGUARDED_AVAILABILITY = YES_AGGRESSIVE;
				CLANG_WARN_UNREACHABLE_CODE = YES;
				CLANG_WARN__DUPLICATE_METHOD_MATCH = YES;
				COPY_PHASE_STRIP = NO;
				DEBUG_INFORMATION_FORMAT = dwarf;
				ENABLE_STRICT_OBJC_MSGSEND = YES;
				ENABLE_TESTABILITY = YES;
				ENABLE_USER_SCRIPT_SANDBOXING = YES;
				GCC_C_LANGUAGE_STANDARD = gnu17;
				GCC_DYNAMIC_NO_PIC = NO;
				GCC_NO_COMMON_BLOCKS = YES;
				GCC_OPTIMIZATION_LEVEL = 0;
				GCC_PREPROCESSOR_DEFINITIONS = (
					"DEBUG=1",
					"$(inherited)",
				);
				GCC_WARN_64_TO_32_BIT_CONVERSION = YES;
				GCC_WARN_ABOUT_RETURN_TYPE = YES_ERROR;
				GCC_WARN_UNDECLARED_SELECTOR = YES;
				GCC_WARN_UNINITIALIZED_AUTOS = YES_AGGRESSIVE;
				GCC_WARN_UNUSED_FUNCTION = YES;
				GCC_WARN_UNUSED_VARIABLE = YES;
				IPHONEOS_DEPLOYMENT_TARGET = 16.0;
				LOCALIZATION_PREFERS_STRING_CATALOGS = YES;
				MTL_ENABLE_DEBUG_INFO = INCLUDE_SOURCE;
				MTL_FAST_MATH = YES;
				ONLY_ACTIVE_ARCH = YES;
				SDKROOT = iphoneos;
				SWIFT_ACTIVE_COMPILATION_CONDITIONS = "DEBUG $(inherited)";
				SWIFT_OPTIMIZATION_LEVEL = "-Onone";
			};
			name = Debug;
		};
		6A13FF2B2B9E2267007F3BD0 /* Release */ = {
			isa = XCBuildConfiguration;
			buildSettings = {
				ALWAYS_SEARCH_USER_PATHS = NO;
				ASSETCATALOG_COMPILER_GENERATE_SWIFT_ASSET_SYMBOL_EXTENSIONS = YES;
				CLANG_ANALYZER_LOCALIZABILITY_NONLOCALIZED = YES;
				CLANG_ANALYZER_NONNULL = YES;
				CLANG_ANALYZER_NUMBER_OBJECT_CONVERSION = YES_AGGRESSIVE;
				CLANG_CXX_LANGUAGE_STANDARD = "gnu++20";
				CLANG_ENABLE_MODULES = YES;
				CLANG_ENABLE_OBJC_ARC = YES;
				CLANG_ENABLE_OBJC_WEAK = YES;
				CLANG_WARN_BLOCK_CAPTURE_AUTORELEASING = YES;
				CLANG_WARN_BOOL_CONVERSION = YES;
				CLANG_WARN_COMMA = YES;
				CLANG_WARN_CONSTANT_CONVERSION = YES;
				CLANG_WARN_DEPRECATED_OBJC_IMPLEMENTATIONS = YES;
				CLANG_WARN_DIRECT_OBJC_ISA_USAGE = YES_ERROR;
				CLANG_WARN_DOCUMENTATION_COMMENTS = YES;
				CLANG_WARN_EMPTY_BODY = YES;
				CLANG_WARN_ENUM_CONVERSION = YES;
				CLANG_WARN_INFINITE_RECURSION = YES;
				CLANG_WARN_INT_CONVERSION = YES;
				CLANG_WARN_NON_LITERAL_NULL_CONVERSION = YES;
				CLANG_WARN_OBJC_IMPLICIT_RETAIN_SELF = YES;
				CLANG_WARN_OBJC_LITERAL_CONVERSION = YES;
				CLANG_WARN_OBJC_ROOT_CLASS = YES_ERROR;
				CLANG_WARN_QUOTED_INCLUDE_IN_FRAMEWORK_HEADER = YES;
				CLANG_WARN_RANGE_LOOP_ANALYSIS = YES;
				CLANG_WARN_STRICT_PROTOTYPES = YES;
				CLANG_WARN_SUSPICIOUS_MOVE = YES;
				CLANG_WARN_UNGUARDED_AVAILABILITY = YES_AGGRESSIVE;
				CLANG_WARN_UNREACHABLE_CODE = YES;
				CLANG_WARN__DUPLICATE_METHOD_MATCH = YES;
				COPY_PHASE_STRIP = NO;
				DEBUG_INFORMATION_FORMAT = "dwarf-with-dsym";
				ENABLE_NS_ASSERTIONS = NO;
				ENABLE_STRICT_OBJC_MSGSEND = YES;
				ENABLE_USER_SCRIPT_SANDBOXING = YES;
				GCC_C_LANGUAGE_STANDARD = gnu17;
				GCC_NO_COMMON_BLOCKS = YES;
				GCC_WARN_64_TO_32_BIT_CONVERSION = YES;
				GCC_WARN_ABOUT_RETURN_TYPE = YES_ERROR;
				GCC_WARN_UNDECLARED_SELECTOR = YES;
				GCC_WARN_UNINITIALIZED_AUTOS = YES_AGGRESSIVE;
				GCC_WARN_UNUSED_FUNCTION = YES;
				GCC_WARN_UNUSED_VARIABLE = YES;
				IPHONEOS_DEPLOYMENT_TARGET = 16.0;
				LOCALIZATION_PREFERS_STRING_CATALOGS = YES;
				MTL_ENABLE_DEBUG_INFO = NO;
				MTL_FAST_MATH = YES;
				SDKROOT = iphoneos;
				SWIFT_COMPILATION_MODE = wholemodule;
				VALIDATE_PRODUCT = YES;
			};
			name = Release;
		};
		6A13FF2D2B9E2267007F3BD0 /* Debug */ = {
			isa = XCBuildConfiguration;
			buildSettings = {
				ASSETCATALOG_COMPILER_APPICON_NAME = AppIcon;
				ASSETCATALOG_COMPILER_GLOBAL_ACCENT_COLOR_NAME = AccentColor;
				CODE_SIGN_STYLE = Automatic;
				CURRENT_PROJECT_VERSION = 1;
				DEVELOPMENT_TEAM = 5TUA6QYFHS;
				GENERATE_INFOPLIST_FILE = YES;
				INFOPLIST_FILE = EssentialApp/Info.plist;
				INFOPLIST_KEY_UIApplicationSupportsIndirectInputEvents = YES;
				INFOPLIST_KEY_UILaunchStoryboardName = LaunchScreen;
				INFOPLIST_KEY_UISupportedInterfaceOrientations = UIInterfaceOrientationPortrait;
				LD_RUNPATH_SEARCH_PATHS = (
					"$(inherited)",
					"@executable_path/Frameworks",
				);
				MARKETING_VERSION = 1.0;
				PRODUCT_BUNDLE_IDENTIFIER = com.altunog.EssentialApp;
				PRODUCT_NAME = "$(TARGET_NAME)";
				SUPPORTED_PLATFORMS = "iphoneos iphonesimulator";
				SUPPORTS_MACCATALYST = NO;
				SUPPORTS_MAC_DESIGNED_FOR_IPHONE_IPAD = NO;
				SUPPORTS_XR_DESIGNED_FOR_IPHONE_IPAD = NO;
				SWIFT_EMIT_LOC_STRINGS = YES;
				SWIFT_INSTALL_OBJC_HEADER = YES;
				SWIFT_PRECOMPILE_BRIDGING_HEADER = YES;
				SWIFT_VERSION = 5.0;
				TARGETED_DEVICE_FAMILY = "1,2";
			};
			name = Debug;
		};
		6A13FF2E2B9E2267007F3BD0 /* Release */ = {
			isa = XCBuildConfiguration;
			buildSettings = {
				ASSETCATALOG_COMPILER_APPICON_NAME = AppIcon;
				ASSETCATALOG_COMPILER_GLOBAL_ACCENT_COLOR_NAME = AccentColor;
				CODE_SIGN_STYLE = Automatic;
				CURRENT_PROJECT_VERSION = 1;
				DEVELOPMENT_TEAM = 5TUA6QYFHS;
				GENERATE_INFOPLIST_FILE = YES;
				INFOPLIST_FILE = EssentialApp/Info.plist;
				INFOPLIST_KEY_UIApplicationSupportsIndirectInputEvents = YES;
				INFOPLIST_KEY_UILaunchStoryboardName = LaunchScreen;
				INFOPLIST_KEY_UISupportedInterfaceOrientations = UIInterfaceOrientationPortrait;
				LD_RUNPATH_SEARCH_PATHS = (
					"$(inherited)",
					"@executable_path/Frameworks",
				);
				MARKETING_VERSION = 1.0;
				PRODUCT_BUNDLE_IDENTIFIER = com.altunog.EssentialApp;
				PRODUCT_NAME = "$(TARGET_NAME)";
				SUPPORTED_PLATFORMS = "iphoneos iphonesimulator";
				SUPPORTS_MACCATALYST = NO;
				SUPPORTS_MAC_DESIGNED_FOR_IPHONE_IPAD = NO;
				SUPPORTS_XR_DESIGNED_FOR_IPHONE_IPAD = NO;
				SWIFT_EMIT_LOC_STRINGS = YES;
				SWIFT_INSTALL_OBJC_HEADER = YES;
				SWIFT_PRECOMPILE_BRIDGING_HEADER = YES;
				SWIFT_VERSION = 5.0;
				TARGETED_DEVICE_FAMILY = "1,2";
			};
			name = Release;
		};
		6A13FF302B9E2267007F3BD0 /* Debug */ = {
			isa = XCBuildConfiguration;
			buildSettings = {
				ALWAYS_EMBED_SWIFT_STANDARD_LIBRARIES = YES;
				BUNDLE_LOADER = "$(TEST_HOST)";
				CODE_SIGN_STYLE = Automatic;
				CURRENT_PROJECT_VERSION = 1;
				DEVELOPMENT_TEAM = 5TUA6QYFHS;
				GENERATE_INFOPLIST_FILE = YES;
				IPHONEOS_DEPLOYMENT_TARGET = 16.0;
				MARKETING_VERSION = 1.0;
				PRODUCT_BUNDLE_IDENTIFIER = con.altunog.EssentialAppTests;
				PRODUCT_NAME = "$(TARGET_NAME)";
				SUPPORTED_PLATFORMS = "iphoneos iphonesimulator";
				SUPPORTS_MACCATALYST = NO;
				SUPPORTS_MAC_DESIGNED_FOR_IPHONE_IPAD = NO;
				SUPPORTS_XR_DESIGNED_FOR_IPHONE_IPAD = NO;
				SWIFT_EMIT_LOC_STRINGS = NO;
				SWIFT_VERSION = 5.0;
				TARGETED_DEVICE_FAMILY = "1,2";
				TEST_HOST = "$(BUILT_PRODUCTS_DIR)/EssentialApp.app/$(BUNDLE_EXECUTABLE_FOLDER_PATH)/EssentialApp";
			};
			name = Debug;
		};
		6A13FF312B9E2267007F3BD0 /* Release */ = {
			isa = XCBuildConfiguration;
			buildSettings = {
				ALWAYS_EMBED_SWIFT_STANDARD_LIBRARIES = YES;
				BUNDLE_LOADER = "$(TEST_HOST)";
				CODE_SIGN_STYLE = Automatic;
				CURRENT_PROJECT_VERSION = 1;
				DEVELOPMENT_TEAM = 5TUA6QYFHS;
				GENERATE_INFOPLIST_FILE = YES;
				IPHONEOS_DEPLOYMENT_TARGET = 16.0;
				MARKETING_VERSION = 1.0;
				PRODUCT_BUNDLE_IDENTIFIER = con.altunog.EssentialAppTests;
				PRODUCT_NAME = "$(TARGET_NAME)";
				SUPPORTED_PLATFORMS = "iphoneos iphonesimulator";
				SUPPORTS_MACCATALYST = NO;
				SUPPORTS_MAC_DESIGNED_FOR_IPHONE_IPAD = NO;
				SUPPORTS_XR_DESIGNED_FOR_IPHONE_IPAD = NO;
				SWIFT_EMIT_LOC_STRINGS = NO;
				SWIFT_VERSION = 5.0;
				TARGETED_DEVICE_FAMILY = "1,2";
				TEST_HOST = "$(BUILT_PRODUCTS_DIR)/EssentialApp.app/$(BUNDLE_EXECUTABLE_FOLDER_PATH)/EssentialApp";
			};
			name = Release;
		};
/* End XCBuildConfiguration section */

/* Begin XCConfigurationList section */
		6A13FEFD2B9E2264007F3BD0 /* Build configuration list for PBXProject "EssentialApp" */ = {
			isa = XCConfigurationList;
			buildConfigurations = (
				6A13FF2A2B9E2267007F3BD0 /* Debug */,
				6A13FF2B2B9E2267007F3BD0 /* Release */,
			);
			defaultConfigurationIsVisible = 0;
			defaultConfigurationName = Release;
		};
		6A13FF2C2B9E2267007F3BD0 /* Build configuration list for PBXNativeTarget "EssentialApp" */ = {
			isa = XCConfigurationList;
			buildConfigurations = (
				6A13FF2D2B9E2267007F3BD0 /* Debug */,
				6A13FF2E2B9E2267007F3BD0 /* Release */,
			);
			defaultConfigurationIsVisible = 0;
			defaultConfigurationName = Release;
		};
		6A13FF2F2B9E2267007F3BD0 /* Build configuration list for PBXNativeTarget "EssentialAppTests" */ = {
			isa = XCConfigurationList;
			buildConfigurations = (
				6A13FF302B9E2267007F3BD0 /* Debug */,
				6A13FF312B9E2267007F3BD0 /* Release */,
			);
			defaultConfigurationIsVisible = 0;
			defaultConfigurationName = Release;
		};
/* End XCConfigurationList section */
	};
	rootObject = 6A13FEFA2B9E2264007F3BD0 /* Project object */;
}
